// !$*UTF8*$!
{
	archiveVersion = 1;
	classes = {
	};
	objectVersion = 46;
	objects = {

/* Begin PBXBuildFile section */
		07C6416114DD4570B79B324C /* libz.dylib in Frameworks */ = {isa = PBXBuildFile; fileRef = 203C0DDF2C9444DB809533D9 /* libz.dylib */; };
		288765FD0DF74451002DB57D /* CoreGraphics.framework in Frameworks */ = {isa = PBXBuildFile; fileRef = 288765FC0DF74451002DB57D /* CoreGraphics.framework */; };
		301BF552109A68D80062928A /* libCordova.a in Frameworks */ = {isa = PBXBuildFile; fileRef = 301BF535109A57CC0062928A /* libCordova.a */; };
		305D5FD1115AB8F900A74A75 /* MobileCoreServices.framework in Frameworks */ = {isa = PBXBuildFile; fileRef = 305D5FD0115AB8F900A74A75 /* MobileCoreServices.framework */; };
		4A92D5B643054CE68555235F /* libsqlite3.dylib in Frameworks */ = {isa = PBXBuildFile; fileRef = 5ECC078829004BD0A338F3B2 /* libsqlite3.dylib */; };
		5B1594DD16A7569C00FEF299 /* AssetsLibrary.framework in Frameworks */ = {isa = PBXBuildFile; fileRef = 5B1594DC16A7569C00FEF299 /* AssetsLibrary.framework */; };
		7605C40E1C5BB291004E488A /* config.xml in Resources */ = {isa = PBXBuildFile; fileRef = 7605C40D1C5BB291004E488A /* config.xml */; };
		7605C41B1C5BB2D7004E488A /* AppDelegate.m in Sources */ = {isa = PBXBuildFile; fileRef = 7605C4101C5BB2D7004E488A /* AppDelegate.m */; };
		7605C41C1C5BB2D7004E488A /* ClipPlayController.m in Sources */ = {isa = PBXBuildFile; fileRef = 7605C4121C5BB2D7004E488A /* ClipPlayController.m */; };
		7605C41D1C5BB2D7004E488A /* Main.storyboard in Resources */ = {isa = PBXBuildFile; fileRef = 7605C4131C5BB2D7004E488A /* Main.storyboard */; };
		7605C41E1C5BB2D7004E488A /* MainViewController.m in Sources */ = {isa = PBXBuildFile; fileRef = 7605C4151C5BB2D7004E488A /* MainViewController.m */; };
		7605C41F1C5BB2D7004E488A /* MainViewController.xib in Resources */ = {isa = PBXBuildFile; fileRef = 7605C4161C5BB2D7004E488A /* MainViewController.xib */; };
		7605C4201C5BB2D7004E488A /* MyHybridPlugin.m in Sources */ = {isa = PBXBuildFile; fileRef = 7605C4181C5BB2D7004E488A /* MyHybridPlugin.m */; };
		7605C4211C5BB2D7004E488A /* RootViewController.m in Sources */ = {isa = PBXBuildFile; fileRef = 7605C41A1C5BB2D7004E488A /* RootViewController.m */; };
		7605C4401C5BB2F3004E488A /* CALayer+YYAdd.m in Sources */ = {isa = PBXBuildFile; fileRef = 7605C4231C5BB2F3004E488A /* CALayer+YYAdd.m */; };
		7605C4411C5BB2F3004E488A /* CircleProgressBar.m in Sources */ = {isa = PBXBuildFile; fileRef = 7605C4251C5BB2F3004E488A /* CircleProgressBar.m */; };
		7605C4421C5BB2F3004E488A /* DOFavoriteButton.m in Sources */ = {isa = PBXBuildFile; fileRef = 7605C4271C5BB2F3004E488A /* DOFavoriteButton.m */; };
		7605C4431C5BB2F3004E488A /* FRDLivelyButton.m in Sources */ = {isa = PBXBuildFile; fileRef = 7605C4291C5BB2F3004E488A /* FRDLivelyButton.m */; };
		7605C4441C5BB2F3004E488A /* LLARingSpinnerView.m in Sources */ = {isa = PBXBuildFile; fileRef = 7605C42B1C5BB2F3004E488A /* LLARingSpinnerView.m */; };
		7605C4451C5BB2F3004E488A /* MBCircularProgressBarLayer.m in Sources */ = {isa = PBXBuildFile; fileRef = 7605C42D1C5BB2F3004E488A /* MBCircularProgressBarLayer.m */; };
		7605C4461C5BB2F3004E488A /* MBCircularProgressBarView.m in Sources */ = {isa = PBXBuildFile; fileRef = 7605C42F1C5BB2F3004E488A /* MBCircularProgressBarView.m */; };
		7605C4471C5BB2F3004E488A /* MessageDigest.m in Sources */ = {isa = PBXBuildFile; fileRef = 7605C4311C5BB2F3004E488A /* MessageDigest.m */; };
		7605C4481C5BB2F3004E488A /* MyTableViewController.m in Sources */ = {isa = PBXBuildFile; fileRef = 7605C4331C5BB2F3004E488A /* MyTableViewController.m */; };
		7605C4491C5BB2F3004E488A /* SHA1.m in Sources */ = {isa = PBXBuildFile; fileRef = 7605C4351C5BB2F3004E488A /* SHA1.m */; };
		7605C44A1C5BB2F3004E488A /* UIControl+YYAdd.m in Sources */ = {isa = PBXBuildFile; fileRef = 7605C4371C5BB2F3004E488A /* UIControl+YYAdd.m */; };
		7605C44B1C5BB2F3004E488A /* UIGestureRecognizer+YYAdd.m in Sources */ = {isa = PBXBuildFile; fileRef = 7605C4391C5BB2F3004E488A /* UIGestureRecognizer+YYAdd.m */; };
		7605C44C1C5BB2F3004E488A /* UIView+YYAdd.m in Sources */ = {isa = PBXBuildFile; fileRef = 7605C43B1C5BB2F3004E488A /* UIView+YYAdd.m */; };
		7605C44D1C5BB2F3004E488A /* YYImageExampleHelper.m in Sources */ = {isa = PBXBuildFile; fileRef = 7605C43D1C5BB2F3004E488A /* YYImageExampleHelper.m */; };
		7605C4651C5BB37E004E488A /* main.m in Sources */ = {isa = PBXBuildFile; fileRef = 7605C4641C5BB37E004E488A /* main.m */; };
		7605C46B1C5BB3B0004E488A /* heart@2x.png in Resources */ = {isa = PBXBuildFile; fileRef = 7605C4671C5BB3B0004E488A /* heart@2x.png */; };
		7605C4831C5BB3CC004E488A /* Contents.json in Resources */ = {isa = PBXBuildFile; fileRef = 7605C46E1C5BB3CC004E488A /* Contents.json */; };
		7605C4841C5BB3CC004E488A /* Icon-40.png in Resources */ = {isa = PBXBuildFile; fileRef = 7605C46F1C5BB3CC004E488A /* Icon-40.png */; };
		7605C4851C5BB3CC004E488A /* Icon-40@2x.png in Resources */ = {isa = PBXBuildFile; fileRef = 7605C4701C5BB3CC004E488A /* Icon-40@2x.png */; };
		7605C4861C5BB3CC004E488A /* Icon-40@3x.png in Resources */ = {isa = PBXBuildFile; fileRef = 7605C4711C5BB3CC004E488A /* Icon-40@3x.png */; };
		7605C4871C5BB3CC004E488A /* Icon-50.png in Resources */ = {isa = PBXBuildFile; fileRef = 7605C4721C5BB3CC004E488A /* Icon-50.png */; };
		7605C4881C5BB3CC004E488A /* Icon-50@2x.png in Resources */ = {isa = PBXBuildFile; fileRef = 7605C4731C5BB3CC004E488A /* Icon-50@2x.png */; };
		7605C4891C5BB3CC004E488A /* Icon-60.png in Resources */ = {isa = PBXBuildFile; fileRef = 7605C4741C5BB3CC004E488A /* Icon-60.png */; };
		7605C48A1C5BB3CC004E488A /* Icon-60@2x.png in Resources */ = {isa = PBXBuildFile; fileRef = 7605C4751C5BB3CC004E488A /* Icon-60@2x.png */; };
		7605C48B1C5BB3CC004E488A /* Icon-60@3x.png in Resources */ = {isa = PBXBuildFile; fileRef = 7605C4761C5BB3CC004E488A /* Icon-60@3x.png */; };
		7605C48C1C5BB3CC004E488A /* Icon-72.png in Resources */ = {isa = PBXBuildFile; fileRef = 7605C4771C5BB3CC004E488A /* Icon-72.png */; };
		7605C48D1C5BB3CC004E488A /* Icon-72@2x.png in Resources */ = {isa = PBXBuildFile; fileRef = 7605C4781C5BB3CC004E488A /* Icon-72@2x.png */; };
		7605C48E1C5BB3CC004E488A /* Icon-76.png in Resources */ = {isa = PBXBuildFile; fileRef = 7605C4791C5BB3CC004E488A /* Icon-76.png */; };
		7605C48F1C5BB3CC004E488A /* Icon-76@2x.png in Resources */ = {isa = PBXBuildFile; fileRef = 7605C47A1C5BB3CC004E488A /* Icon-76@2x.png */; };
		7605C4901C5BB3CC004E488A /* Icon-83.5@2x.png in Resources */ = {isa = PBXBuildFile; fileRef = 7605C47B1C5BB3CC004E488A /* Icon-83.5@2x.png */; };
		7605C4911C5BB3CC004E488A /* Icon-Small.png in Resources */ = {isa = PBXBuildFile; fileRef = 7605C47C1C5BB3CC004E488A /* Icon-Small.png */; };
		7605C4921C5BB3CC004E488A /* Icon-Small@2x.png in Resources */ = {isa = PBXBuildFile; fileRef = 7605C47D1C5BB3CC004E488A /* Icon-Small@2x.png */; };
		7605C4931C5BB3CC004E488A /* Icon-Small@3x.png in Resources */ = {isa = PBXBuildFile; fileRef = 7605C47E1C5BB3CC004E488A /* Icon-Small@3x.png */; };
		7605C4941C5BB3CC004E488A /* Icon.png in Resources */ = {isa = PBXBuildFile; fileRef = 7605C47F1C5BB3CC004E488A /* Icon.png */; };
		7605C4951C5BB3CC004E488A /* Icon@2x.png in Resources */ = {isa = PBXBuildFile; fileRef = 7605C4801C5BB3CC004E488A /* Icon@2x.png */; };
		7605C4961C5BB3CC004E488A /* iTunesArtwork.png in Resources */ = {isa = PBXBuildFile; fileRef = 7605C4811C5BB3CC004E488A /* iTunesArtwork.png */; };
		7605C4971C5BB3CC004E488A /* iTunesArtwork@2x.png in Resources */ = {isa = PBXBuildFile; fileRef = 7605C4821C5BB3CC004E488A /* iTunesArtwork@2x.png */; };
		7605C4A91C5BB3EB004E488A /* Default-568h@2x~iphone.png in Resources */ = {isa = PBXBuildFile; fileRef = 7605C4981C5BB3EB004E488A /* Default-568h@2x~iphone.png */; };
		7605C4AB1C5BB3EB004E488A /* Default-667h.png in Resources */ = {isa = PBXBuildFile; fileRef = 7605C49A1C5BB3EB004E488A /* Default-667h.png */; };
		7605C4AD1C5BB3EB004E488A /* Default-736h.png in Resources */ = {isa = PBXBuildFile; fileRef = 7605C49C1C5BB3EB004E488A /* Default-736h.png */; };
		7605C4AF1C5BB3EB004E488A /* Default-Landscape-736h.png in Resources */ = {isa = PBXBuildFile; fileRef = 7605C49E1C5BB3EB004E488A /* Default-Landscape-736h.png */; };
		7605C4B01C5BB3EB004E488A /* Default-Landscape@2x~ipad.png in Resources */ = {isa = PBXBuildFile; fileRef = 7605C49F1C5BB3EB004E488A /* Default-Landscape@2x~ipad.png */; };
		7605C4B11C5BB3EB004E488A /* Default-Landscape~ipad.png in Resources */ = {isa = PBXBuildFile; fileRef = 7605C4A01C5BB3EB004E488A /* Default-Landscape~ipad.png */; };
		7605C4B21C5BB3EB004E488A /* Default-Portrait@2x~ipad.png in Resources */ = {isa = PBXBuildFile; fileRef = 7605C4A11C5BB3EB004E488A /* Default-Portrait@2x~ipad.png */; };
		7605C4B41C5BB3EB004E488A /* Default-Portrait~ipad.png in Resources */ = {isa = PBXBuildFile; fileRef = 7605C4A31C5BB3EB004E488A /* Default-Portrait~ipad.png */; };
		7605C4B61C5BB3EB004E488A /* Default@2x~iphone.png in Resources */ = {isa = PBXBuildFile; fileRef = 7605C4A51C5BB3EB004E488A /* Default@2x~iphone.png */; };
		7605C4B81C5BB3EB004E488A /* Default~iphone.png in Resources */ = {isa = PBXBuildFile; fileRef = 7605C4A71C5BB3EB004E488A /* Default~iphone.png */; };
		7605C4C21C5BB4A4004E488A /* SQLitePlugin.m in Sources */ = {isa = PBXBuildFile; fileRef = 7605C4C11C5BB4A4004E488A /* SQLitePlugin.m */; };
		7605C4C51C5BB4B3004E488A /* CDVLogger.m in Sources */ = {isa = PBXBuildFile; fileRef = 7605C4C41C5BB4B3004E488A /* CDVLogger.m */; };
		7605C4C81C5BB4C1004E488A /* CDVDevice.m in Sources */ = {isa = PBXBuildFile; fileRef = 7605C4C71C5BB4C1004E488A /* CDVDevice.m */; };
		7605C4CF1C5BB4D5004E488A /* CDVAssetLibraryFilesystem.m in Sources */ = {isa = PBXBuildFile; fileRef = 7605C4CA1C5BB4D5004E488A /* CDVAssetLibraryFilesystem.m */; };
		7605C4D01C5BB4D5004E488A /* CDVFile.m in Sources */ = {isa = PBXBuildFile; fileRef = 7605C4CC1C5BB4D5004E488A /* CDVFile.m */; };
		7605C4D11C5BB4D5004E488A /* CDVLocalFilesystem.m in Sources */ = {isa = PBXBuildFile; fileRef = 7605C4CE1C5BB4D5004E488A /* CDVLocalFilesystem.m */; };
		7605C4D41C5BB4E3004E488A /* CDVFileTransfer.m in Sources */ = {isa = PBXBuildFile; fileRef = 7605C4D31C5BB4E3004E488A /* CDVFileTransfer.m */; };
		7605C4D71C5BB4F4004E488A /* YoikScreenOrientation.m in Sources */ = {isa = PBXBuildFile; fileRef = 7605C4D61C5BB4F4004E488A /* YoikScreenOrientation.m */; };
		7605C4DC1C5BB505004E488A /* CDVSplashScreen.m in Sources */ = {isa = PBXBuildFile; fileRef = 7605C4D91C5BB505004E488A /* CDVSplashScreen.m */; };
		7605C4DD1C5BB505004E488A /* CDVViewController+SplashScreen.m in Sources */ = {isa = PBXBuildFile; fileRef = 7605C4DB1C5BB505004E488A /* CDVViewController+SplashScreen.m */; };
		7605C4E01C5BB514004E488A /* CDVStatusBar.m in Sources */ = {isa = PBXBuildFile; fileRef = 7605C4DF1C5BB514004E488A /* CDVStatusBar.m */; };
		7605C4E51C5BB524004E488A /* IonicKeyboard.m in Sources */ = {isa = PBXBuildFile; fileRef = 7605C4E21C5BB524004E488A /* IonicKeyboard.m */; };
		7605C4E61C5BB524004E488A /* UIWebViewExtension.m in Sources */ = {isa = PBXBuildFile; fileRef = 7605C4E41C5BB524004E488A /* UIWebViewExtension.m */; };
		760699991CAE5DE300B84734 /* ArticleEntity.m in Sources */ = {isa = PBXBuildFile; fileRef = 760699981CAE5DE300B84734 /* ArticleEntity.m */; };
		760CD3071CA61B9C00EC0723 /* info.png in Resources */ = {isa = PBXBuildFile; fileRef = 760CD3061CA61B9C00EC0723 /* info.png */; };
		7616739F1C7223E800E05422 /* Cliplay-Info.plist in Resources */ = {isa = PBXBuildFile; fileRef = 7616739E1C7223E800E05422 /* Cliplay-Info.plist */; };
		76332C9B1CAB787200C3F494 /* ArticleController.m in Sources */ = {isa = PBXBuildFile; fileRef = 76332C9A1CAB787200C3F494 /* ArticleController.m */; };
		76332C9F1CACB9C200C3F494 /* TestController.m in Sources */ = {isa = PBXBuildFile; fileRef = 76332C9E1CACB9C200C3F494 /* TestController.m */; };
		763D76251C6838420010C239 /* Images.xcassets in Resources */ = {isa = PBXBuildFile; fileRef = 763D76241C6838420010C239 /* Images.xcassets */; };
		764355451D0FFB8000807EBF /* DGTeaEncryptor.m in Sources */ = {isa = PBXBuildFile; fileRef = 764355441D0FFB8000807EBF /* DGTeaEncryptor.m */; };
		7647EDD81CCB135700587845 /* libBPush.a in Frameworks */ = {isa = PBXBuildFile; fileRef = 7647EDD61CCB135700587845 /* libBPush.a */; };
		765FD5C81CA57D3F00F31F5D /* tip.png in Resources */ = {isa = PBXBuildFile; fileRef = 765FD5C71CA57D3F00F31F5D /* tip.png */; };
		767A558A1C4755D300992D0F /* libYYWebImage.a in Frameworks */ = {isa = PBXBuildFile; fileRef = 767A55891C4755D300992D0F /* libYYWebImage.a */; };
		767A558C1C47572A00992D0F /* WebP.framework in Frameworks */ = {isa = PBXBuildFile; fileRef = 767A558B1C47572A00992D0F /* WebP.framework */; };
		7684FF661CB6619C0017D23A /* GalleryController.m in Sources */ = {isa = PBXBuildFile; fileRef = 7684FF651CB6619C0017D23A /* GalleryController.m */; };
		769BAC881CD37B4900DB235C /* FavoriateMgr.m in Sources */ = {isa = PBXBuildFile; fileRef = 769BAC871CD37B4900DB235C /* FavoriateMgr.m */; };
		76A58C8D1CA571D400C2F582 /* PostController.m in Sources */ = {isa = PBXBuildFile; fileRef = 76A58C8B1CA571D400C2F582 /* PostController.m */; };
		76A9461A1C92E82A007542A8 /* DRImagePlaceholderHelper.m in Sources */ = {isa = PBXBuildFile; fileRef = 76A946191C92E82A007542A8 /* DRImagePlaceholderHelper.m */; };
		76AD12591D24F45C0002A133 /* ClipController.m in Sources */ = {isa = PBXBuildFile; fileRef = 76AD12581D24F45C0002A133 /* ClipController.m */; };
		76C7155A1CA01C3B00D278AE /* PlayController.m in Sources */ = {isa = PBXBuildFile; fileRef = 76C715591CA01C3B00D278AE /* PlayController.m */; };
		76D9C7DC1C5F832A005C93E7 /* InfoPlist.strings in Resources */ = {isa = PBXBuildFile; fileRef = 76D9C7DE1C5F832A005C93E7 /* InfoPlist.strings */; };
		76D9E94F1C7447AB004BB117 /* LongPressFix.m in Sources */ = {isa = PBXBuildFile; fileRef = 76D9E94E1C7447AB004BB117 /* LongPressFix.m */; };
		76E424BF1C7AB30B00FA5962 /* ionic.min.css in Resources */ = {isa = PBXBuildFile; fileRef = 76E424BE1C7AB30A00FA5962 /* ionic.min.css */; };
		76E61D931C79F28900CCC767 /* CDVConnection.m in Sources */ = {isa = PBXBuildFile; fileRef = 76E61D901C79F28900CCC767 /* CDVConnection.m */; };
		76E61D941C79F28900CCC767 /* CDVReachability.m in Sources */ = {isa = PBXBuildFile; fileRef = 76E61D921C79F28900CCC767 /* CDVReachability.m */; };
		76E92C011CB8DFE000F424AF /* Reachability.m in Sources */ = {isa = PBXBuildFile; fileRef = 76E92C001CB8DFE000F424AF /* Reachability.m */; };
		76ECFB901C9AC8EA00FCABCF /* YYImageExample.m in Sources */ = {isa = PBXBuildFile; fileRef = 76ECFB8F1C9AC8EA00FCABCF /* YYImageExample.m */; };
		76FAF3B31CCC6A5800D45E74 /* sound.m4r in Resources */ = {isa = PBXBuildFile; fileRef = 76FAF3B21CCC6A5800D45E74 /* sound.m4r */; };
		8A88FA600567418E9CC06334 /* SystemConfiguration.framework in Frameworks */ = {isa = PBXBuildFile; fileRef = AF8B680D991549EB8F229D9F /* SystemConfiguration.framework */; };
		9E300325C4F74EB7AE3CB472 /* WebKit.framework in Frameworks */ = {isa = PBXBuildFile; fileRef = 8501F447D22045F9A0CBEDDA /* WebKit.framework */; };
		B9EEED15F5F47E71E3E9FFA7 /* libPods-Cliplay.a in Frameworks */ = {isa = PBXBuildFile; fileRef = 2DAC936691E38912C30D8B14 /* libPods-Cliplay.a */; };
		DEC778DF21844F12AE57DF29 /* CFNetwork.framework in Frameworks */ = {isa = PBXBuildFile; fileRef = 56BA64B0A744494A917711E6 /* CFNetwork.framework */; };
/* End PBXBuildFile section */

/* Begin PBXContainerItemProxy section */
		301BF534109A57CC0062928A /* PBXContainerItemProxy */ = {
			isa = PBXContainerItemProxy;
			containerPortal = 301BF52D109A57CC0062928A /* CordovaLib.xcodeproj */;
			proxyType = 2;
			remoteGlobalIDString = D2AAC07E0554694100DB518D;
			remoteInfo = CordovaLib;
		};
		301BF550109A68C00062928A /* PBXContainerItemProxy */ = {
			isa = PBXContainerItemProxy;
			containerPortal = 301BF52D109A57CC0062928A /* CordovaLib.xcodeproj */;
			proxyType = 1;
			remoteGlobalIDString = D2AAC07D0554694100DB518D;
			remoteInfo = CordovaLib;
		};
/* End PBXContainerItemProxy section */

/* Begin PBXFileReference section */
		1D6058910D05DD3D006BFB54 /* Cliplay.app */ = {isa = PBXFileReference; explicitFileType = wrapper.application; includeInIndex = 0; path = Cliplay.app; sourceTree = BUILT_PRODUCTS_DIR; };
		203C0DDF2C9444DB809533D9 /* libz.dylib */ = {isa = PBXFileReference; fileEncoding = 4; lastKnownFileType = "compiled.mach-o.dylib"; name = libz.dylib; path = usr/lib/libz.dylib; sourceTree = SDKROOT; };
		288765FC0DF74451002DB57D /* CoreGraphics.framework */ = {isa = PBXFileReference; lastKnownFileType = wrapper.framework; name = CoreGraphics.framework; path = System/Library/Frameworks/CoreGraphics.framework; sourceTree = SDKROOT; };
		2DAC936691E38912C30D8B14 /* libPods-Cliplay.a */ = {isa = PBXFileReference; explicitFileType = archive.ar; includeInIndex = 0; path = "libPods-Cliplay.a"; sourceTree = BUILT_PRODUCTS_DIR; };
		301BF52D109A57CC0062928A /* CordovaLib.xcodeproj */ = {isa = PBXFileReference; lastKnownFileType = "wrapper.pb-project"; name = CordovaLib.xcodeproj; path = CordovaLib/CordovaLib.xcodeproj; sourceTree = "<group>"; };
		301BF56E109A69640062928A /* www */ = {isa = PBXFileReference; lastKnownFileType = folder; path = www; sourceTree = SOURCE_ROOT; };
		305D5FD0115AB8F900A74A75 /* MobileCoreServices.framework */ = {isa = PBXFileReference; lastKnownFileType = wrapper.framework; name = MobileCoreServices.framework; path = System/Library/Frameworks/MobileCoreServices.framework; sourceTree = SDKROOT; };
		56BA64B0A744494A917711E6 /* CFNetwork.framework */ = {isa = PBXFileReference; fileEncoding = 4; lastKnownFileType = wrapper.framework; name = CFNetwork.framework; path = System/Library/Frameworks/CFNetwork.framework; sourceTree = SDKROOT; };
		5B1594DC16A7569C00FEF299 /* AssetsLibrary.framework */ = {isa = PBXFileReference; lastKnownFileType = wrapper.framework; name = AssetsLibrary.framework; path = System/Library/Frameworks/AssetsLibrary.framework; sourceTree = SDKROOT; };
		5ECC078829004BD0A338F3B2 /* libsqlite3.dylib */ = {isa = PBXFileReference; fileEncoding = 4; lastKnownFileType = "compiled.mach-o.dylib"; name = libsqlite3.dylib; path = usr/lib/libsqlite3.dylib; sourceTree = SDKROOT; };
		7605C40D1C5BB291004E488A /* config.xml */ = {isa = PBXFileReference; fileEncoding = 4; lastKnownFileType = text.xml; name = config.xml; path = Cliplay/config.xml; sourceTree = "<group>"; };
		7605C40F1C5BB2D7004E488A /* AppDelegate.h */ = {isa = PBXFileReference; fileEncoding = 4; lastKnownFileType = sourcecode.c.h; name = AppDelegate.h; path = Cliplay/Classes/AppDelegate.h; sourceTree = SOURCE_ROOT; };
		7605C4101C5BB2D7004E488A /* AppDelegate.m */ = {isa = PBXFileReference; fileEncoding = 4; lastKnownFileType = sourcecode.c.objc; name = AppDelegate.m; path = Cliplay/Classes/AppDelegate.m; sourceTree = SOURCE_ROOT; };
		7605C4111C5BB2D7004E488A /* ClipPlayController.h */ = {isa = PBXFileReference; fileEncoding = 4; lastKnownFileType = sourcecode.c.h; name = ClipPlayController.h; path = Cliplay/Classes/ClipPlayController.h; sourceTree = SOURCE_ROOT; };
		7605C4121C5BB2D7004E488A /* ClipPlayController.m */ = {isa = PBXFileReference; fileEncoding = 4; lastKnownFileType = sourcecode.c.objc; name = ClipPlayController.m; path = Cliplay/Classes/ClipPlayController.m; sourceTree = SOURCE_ROOT; };
		7605C4131C5BB2D7004E488A /* Main.storyboard */ = {isa = PBXFileReference; fileEncoding = 4; lastKnownFileType = file.storyboard; name = Main.storyboard; path = Cliplay/Classes/Main.storyboard; sourceTree = SOURCE_ROOT; };
		7605C4141C5BB2D7004E488A /* MainViewController.h */ = {isa = PBXFileReference; fileEncoding = 4; lastKnownFileType = sourcecode.c.h; name = MainViewController.h; path = Cliplay/Classes/MainViewController.h; sourceTree = SOURCE_ROOT; };
		7605C4151C5BB2D7004E488A /* MainViewController.m */ = {isa = PBXFileReference; fileEncoding = 4; lastKnownFileType = sourcecode.c.objc; name = MainViewController.m; path = Cliplay/Classes/MainViewController.m; sourceTree = SOURCE_ROOT; };
		7605C4161C5BB2D7004E488A /* MainViewController.xib */ = {isa = PBXFileReference; fileEncoding = 4; lastKnownFileType = file.xib; name = MainViewController.xib; path = Cliplay/Classes/MainViewController.xib; sourceTree = SOURCE_ROOT; };
		7605C4171C5BB2D7004E488A /* MyHybridPlugin.h */ = {isa = PBXFileReference; fileEncoding = 4; lastKnownFileType = sourcecode.c.h; name = MyHybridPlugin.h; path = Cliplay/Classes/MyHybridPlugin.h; sourceTree = SOURCE_ROOT; };
		7605C4181C5BB2D7004E488A /* MyHybridPlugin.m */ = {isa = PBXFileReference; fileEncoding = 4; lastKnownFileType = sourcecode.c.objc; name = MyHybridPlugin.m; path = Cliplay/Classes/MyHybridPlugin.m; sourceTree = SOURCE_ROOT; };
		7605C4191C5BB2D7004E488A /* RootViewController.h */ = {isa = PBXFileReference; fileEncoding = 4; lastKnownFileType = sourcecode.c.h; name = RootViewController.h; path = Cliplay/Classes/RootViewController.h; sourceTree = SOURCE_ROOT; };
		7605C41A1C5BB2D7004E488A /* RootViewController.m */ = {isa = PBXFileReference; fileEncoding = 4; lastKnownFileType = sourcecode.c.objc; name = RootViewController.m; path = Cliplay/Classes/RootViewController.m; sourceTree = SOURCE_ROOT; };
		7605C4221C5BB2F3004E488A /* CALayer+YYAdd.h */ = {isa = PBXFileReference; fileEncoding = 4; lastKnownFileType = sourcecode.c.h; name = "CALayer+YYAdd.h"; path = "Cliplay/Classes/CALayer+YYAdd.h"; sourceTree = "<group>"; };
		7605C4231C5BB2F3004E488A /* CALayer+YYAdd.m */ = {isa = PBXFileReference; fileEncoding = 4; lastKnownFileType = sourcecode.c.objc; name = "CALayer+YYAdd.m"; path = "Cliplay/Classes/CALayer+YYAdd.m"; sourceTree = "<group>"; };
		7605C4241C5BB2F3004E488A /* CircleProgressBar.h */ = {isa = PBXFileReference; fileEncoding = 4; lastKnownFileType = sourcecode.c.h; name = CircleProgressBar.h; path = Cliplay/Classes/CircleProgressBar.h; sourceTree = "<group>"; };
		7605C4251C5BB2F3004E488A /* CircleProgressBar.m */ = {isa = PBXFileReference; fileEncoding = 4; lastKnownFileType = sourcecode.c.objc; name = CircleProgressBar.m; path = Cliplay/Classes/CircleProgressBar.m; sourceTree = "<group>"; };
		7605C4261C5BB2F3004E488A /* DOFavoriteButton.h */ = {isa = PBXFileReference; fileEncoding = 4; lastKnownFileType = sourcecode.c.h; name = DOFavoriteButton.h; path = Cliplay/Classes/DOFavoriteButton.h; sourceTree = "<group>"; };
		7605C4271C5BB2F3004E488A /* DOFavoriteButton.m */ = {isa = PBXFileReference; fileEncoding = 4; lastKnownFileType = sourcecode.c.objc; name = DOFavoriteButton.m; path = Cliplay/Classes/DOFavoriteButton.m; sourceTree = "<group>"; };
		7605C4281C5BB2F3004E488A /* FRDLivelyButton.h */ = {isa = PBXFileReference; fileEncoding = 4; lastKnownFileType = sourcecode.c.h; name = FRDLivelyButton.h; path = Cliplay/Classes/FRDLivelyButton.h; sourceTree = "<group>"; };
		7605C4291C5BB2F3004E488A /* FRDLivelyButton.m */ = {isa = PBXFileReference; fileEncoding = 4; lastKnownFileType = sourcecode.c.objc; name = FRDLivelyButton.m; path = Cliplay/Classes/FRDLivelyButton.m; sourceTree = "<group>"; };
		7605C42A1C5BB2F3004E488A /* LLARingSpinnerView.h */ = {isa = PBXFileReference; fileEncoding = 4; lastKnownFileType = sourcecode.c.h; name = LLARingSpinnerView.h; path = Cliplay/Classes/LLARingSpinnerView.h; sourceTree = "<group>"; };
		7605C42B1C5BB2F3004E488A /* LLARingSpinnerView.m */ = {isa = PBXFileReference; fileEncoding = 4; lastKnownFileType = sourcecode.c.objc; name = LLARingSpinnerView.m; path = Cliplay/Classes/LLARingSpinnerView.m; sourceTree = "<group>"; };
		7605C42C1C5BB2F3004E488A /* MBCircularProgressBarLayer.h */ = {isa = PBXFileReference; fileEncoding = 4; lastKnownFileType = sourcecode.c.h; name = MBCircularProgressBarLayer.h; path = Cliplay/Classes/MBCircularProgressBarLayer.h; sourceTree = "<group>"; };
		7605C42D1C5BB2F3004E488A /* MBCircularProgressBarLayer.m */ = {isa = PBXFileReference; fileEncoding = 4; lastKnownFileType = sourcecode.c.objc; name = MBCircularProgressBarLayer.m; path = Cliplay/Classes/MBCircularProgressBarLayer.m; sourceTree = "<group>"; };
		7605C42E1C5BB2F3004E488A /* MBCircularProgressBarView.h */ = {isa = PBXFileReference; fileEncoding = 4; lastKnownFileType = sourcecode.c.h; name = MBCircularProgressBarView.h; path = Cliplay/Classes/MBCircularProgressBarView.h; sourceTree = "<group>"; };
		7605C42F1C5BB2F3004E488A /* MBCircularProgressBarView.m */ = {isa = PBXFileReference; fileEncoding = 4; lastKnownFileType = sourcecode.c.objc; name = MBCircularProgressBarView.m; path = Cliplay/Classes/MBCircularProgressBarView.m; sourceTree = "<group>"; };
		7605C4301C5BB2F3004E488A /* MessageDigest.h */ = {isa = PBXFileReference; fileEncoding = 4; lastKnownFileType = sourcecode.c.h; name = MessageDigest.h; path = Cliplay/Classes/MessageDigest.h; sourceTree = "<group>"; };
		7605C4311C5BB2F3004E488A /* MessageDigest.m */ = {isa = PBXFileReference; fileEncoding = 4; lastKnownFileType = sourcecode.c.objc; name = MessageDigest.m; path = Cliplay/Classes/MessageDigest.m; sourceTree = "<group>"; };
		7605C4321C5BB2F3004E488A /* MyTableViewController.h */ = {isa = PBXFileReference; fileEncoding = 4; lastKnownFileType = sourcecode.c.h; name = MyTableViewController.h; path = Cliplay/Classes/MyTableViewController.h; sourceTree = "<group>"; };
		7605C4331C5BB2F3004E488A /* MyTableViewController.m */ = {isa = PBXFileReference; fileEncoding = 4; lastKnownFileType = sourcecode.c.objc; name = MyTableViewController.m; path = Cliplay/Classes/MyTableViewController.m; sourceTree = "<group>"; };
		7605C4341C5BB2F3004E488A /* SHA1.h */ = {isa = PBXFileReference; fileEncoding = 4; lastKnownFileType = sourcecode.c.h; name = SHA1.h; path = Cliplay/Classes/SHA1.h; sourceTree = "<group>"; };
		7605C4351C5BB2F3004E488A /* SHA1.m */ = {isa = PBXFileReference; fileEncoding = 4; lastKnownFileType = sourcecode.c.objc; name = SHA1.m; path = Cliplay/Classes/SHA1.m; sourceTree = "<group>"; };
		7605C4361C5BB2F3004E488A /* UIControl+YYAdd.h */ = {isa = PBXFileReference; fileEncoding = 4; lastKnownFileType = sourcecode.c.h; name = "UIControl+YYAdd.h"; path = "Cliplay/Classes/UIControl+YYAdd.h"; sourceTree = "<group>"; };
		7605C4371C5BB2F3004E488A /* UIControl+YYAdd.m */ = {isa = PBXFileReference; fileEncoding = 4; lastKnownFileType = sourcecode.c.objc; name = "UIControl+YYAdd.m"; path = "Cliplay/Classes/UIControl+YYAdd.m"; sourceTree = "<group>"; };
		7605C4381C5BB2F3004E488A /* UIGestureRecognizer+YYAdd.h */ = {isa = PBXFileReference; fileEncoding = 4; lastKnownFileType = sourcecode.c.h; name = "UIGestureRecognizer+YYAdd.h"; path = "Cliplay/Classes/UIGestureRecognizer+YYAdd.h"; sourceTree = "<group>"; };
		7605C4391C5BB2F3004E488A /* UIGestureRecognizer+YYAdd.m */ = {isa = PBXFileReference; fileEncoding = 4; lastKnownFileType = sourcecode.c.objc; name = "UIGestureRecognizer+YYAdd.m"; path = "Cliplay/Classes/UIGestureRecognizer+YYAdd.m"; sourceTree = "<group>"; };
		7605C43A1C5BB2F3004E488A /* UIView+YYAdd.h */ = {isa = PBXFileReference; fileEncoding = 4; lastKnownFileType = sourcecode.c.h; name = "UIView+YYAdd.h"; path = "Cliplay/Classes/UIView+YYAdd.h"; sourceTree = "<group>"; };
		7605C43B1C5BB2F3004E488A /* UIView+YYAdd.m */ = {isa = PBXFileReference; fileEncoding = 4; lastKnownFileType = sourcecode.c.objc; name = "UIView+YYAdd.m"; path = "Cliplay/Classes/UIView+YYAdd.m"; sourceTree = "<group>"; };
		7605C43C1C5BB2F3004E488A /* YYImageExampleHelper.h */ = {isa = PBXFileReference; fileEncoding = 4; lastKnownFileType = sourcecode.c.h; name = YYImageExampleHelper.h; path = Cliplay/Classes/YYImageExampleHelper.h; sourceTree = "<group>"; };
		7605C43D1C5BB2F3004E488A /* YYImageExampleHelper.m */ = {isa = PBXFileReference; fileEncoding = 4; lastKnownFileType = sourcecode.c.objc; name = YYImageExampleHelper.m; path = Cliplay/Classes/YYImageExampleHelper.m; sourceTree = "<group>"; };
		7605C4641C5BB37E004E488A /* main.m */ = {isa = PBXFileReference; fileEncoding = 4; lastKnownFileType = sourcecode.c.objc; name = main.m; path = Cliplay/main.m; sourceTree = SOURCE_ROOT; };
		7605C4671C5BB3B0004E488A /* heart@2x.png */ = {isa = PBXFileReference; lastKnownFileType = image.png; name = "heart@2x.png"; path = "Cliplay/Resources/heart@2x.png"; sourceTree = SOURCE_ROOT; };
		7605C46E1C5BB3CC004E488A /* Contents.json */ = {isa = PBXFileReference; fileEncoding = 4; lastKnownFileType = text.json; name = Contents.json; path = Cliplay/Resources/icons/Contents.json; sourceTree = SOURCE_ROOT; };
		7605C46F1C5BB3CC004E488A /* Icon-40.png */ = {isa = PBXFileReference; lastKnownFileType = image.png; name = "Icon-40.png"; path = "Cliplay/Resources/icons/Icon-40.png"; sourceTree = SOURCE_ROOT; };
		7605C4701C5BB3CC004E488A /* Icon-40@2x.png */ = {isa = PBXFileReference; lastKnownFileType = image.png; name = "Icon-40@2x.png"; path = "Cliplay/Resources/icons/Icon-40@2x.png"; sourceTree = SOURCE_ROOT; };
		7605C4711C5BB3CC004E488A /* Icon-40@3x.png */ = {isa = PBXFileReference; lastKnownFileType = image.png; name = "Icon-40@3x.png"; path = "Cliplay/Resources/icons/Icon-40@3x.png"; sourceTree = SOURCE_ROOT; };
		7605C4721C5BB3CC004E488A /* Icon-50.png */ = {isa = PBXFileReference; lastKnownFileType = image.png; name = "Icon-50.png"; path = "Cliplay/Resources/icons/Icon-50.png"; sourceTree = SOURCE_ROOT; };
		7605C4731C5BB3CC004E488A /* Icon-50@2x.png */ = {isa = PBXFileReference; lastKnownFileType = image.png; name = "Icon-50@2x.png"; path = "Cliplay/Resources/icons/Icon-50@2x.png"; sourceTree = SOURCE_ROOT; };
		7605C4741C5BB3CC004E488A /* Icon-60.png */ = {isa = PBXFileReference; lastKnownFileType = image.png; name = "Icon-60.png"; path = "Cliplay/Resources/icons/Icon-60.png"; sourceTree = SOURCE_ROOT; };
		7605C4751C5BB3CC004E488A /* Icon-60@2x.png */ = {isa = PBXFileReference; lastKnownFileType = image.png; name = "Icon-60@2x.png"; path = "Cliplay/Resources/icons/Icon-60@2x.png"; sourceTree = SOURCE_ROOT; };
		7605C4761C5BB3CC004E488A /* Icon-60@3x.png */ = {isa = PBXFileReference; lastKnownFileType = image.png; name = "Icon-60@3x.png"; path = "Cliplay/Resources/icons/Icon-60@3x.png"; sourceTree = SOURCE_ROOT; };
		7605C4771C5BB3CC004E488A /* Icon-72.png */ = {isa = PBXFileReference; lastKnownFileType = image.png; name = "Icon-72.png"; path = "Cliplay/Resources/icons/Icon-72.png"; sourceTree = SOURCE_ROOT; };
		7605C4781C5BB3CC004E488A /* Icon-72@2x.png */ = {isa = PBXFileReference; lastKnownFileType = image.png; name = "Icon-72@2x.png"; path = "Cliplay/Resources/icons/Icon-72@2x.png"; sourceTree = SOURCE_ROOT; };
		7605C4791C5BB3CC004E488A /* Icon-76.png */ = {isa = PBXFileReference; lastKnownFileType = image.png; name = "Icon-76.png"; path = "Cliplay/Resources/icons/Icon-76.png"; sourceTree = SOURCE_ROOT; };
		7605C47A1C5BB3CC004E488A /* Icon-76@2x.png */ = {isa = PBXFileReference; lastKnownFileType = image.png; name = "Icon-76@2x.png"; path = "Cliplay/Resources/icons/Icon-76@2x.png"; sourceTree = SOURCE_ROOT; };
		7605C47B1C5BB3CC004E488A /* Icon-83.5@2x.png */ = {isa = PBXFileReference; lastKnownFileType = image.png; name = "Icon-83.5@2x.png"; path = "Cliplay/Resources/icons/Icon-83.5@2x.png"; sourceTree = SOURCE_ROOT; };
		7605C47C1C5BB3CC004E488A /* Icon-Small.png */ = {isa = PBXFileReference; lastKnownFileType = image.png; name = "Icon-Small.png"; path = "Cliplay/Resources/icons/Icon-Small.png"; sourceTree = SOURCE_ROOT; };
		7605C47D1C5BB3CC004E488A /* Icon-Small@2x.png */ = {isa = PBXFileReference; lastKnownFileType = image.png; name = "Icon-Small@2x.png"; path = "Cliplay/Resources/icons/Icon-Small@2x.png"; sourceTree = SOURCE_ROOT; };
		7605C47E1C5BB3CC004E488A /* Icon-Small@3x.png */ = {isa = PBXFileReference; lastKnownFileType = image.png; name = "Icon-Small@3x.png"; path = "Cliplay/Resources/icons/Icon-Small@3x.png"; sourceTree = SOURCE_ROOT; };
		7605C47F1C5BB3CC004E488A /* Icon.png */ = {isa = PBXFileReference; lastKnownFileType = image.png; name = Icon.png; path = Cliplay/Resources/icons/Icon.png; sourceTree = SOURCE_ROOT; };
		7605C4801C5BB3CC004E488A /* Icon@2x.png */ = {isa = PBXFileReference; lastKnownFileType = image.png; name = "Icon@2x.png"; path = "Cliplay/Resources/icons/Icon@2x.png"; sourceTree = SOURCE_ROOT; };
		7605C4811C5BB3CC004E488A /* iTunesArtwork.png */ = {isa = PBXFileReference; lastKnownFileType = image.png; name = iTunesArtwork.png; path = Cliplay/Resources/icons/iTunesArtwork.png; sourceTree = SOURCE_ROOT; };
		7605C4821C5BB3CC004E488A /* iTunesArtwork@2x.png */ = {isa = PBXFileReference; lastKnownFileType = image.png; name = "iTunesArtwork@2x.png"; path = "Cliplay/Resources/icons/iTunesArtwork@2x.png"; sourceTree = SOURCE_ROOT; };
		7605C4981C5BB3EB004E488A /* Default-568h@2x~iphone.png */ = {isa = PBXFileReference; lastKnownFileType = image.png; name = "Default-568h@2x~iphone.png"; path = "Cliplay/Resources/splash/Default-568h@2x~iphone.png"; sourceTree = SOURCE_ROOT; };
		7605C49A1C5BB3EB004E488A /* Default-667h.png */ = {isa = PBXFileReference; lastKnownFileType = image.png; name = "Default-667h.png"; path = "Cliplay/Resources/splash/Default-667h.png"; sourceTree = SOURCE_ROOT; };
		7605C49C1C5BB3EB004E488A /* Default-736h.png */ = {isa = PBXFileReference; lastKnownFileType = image.png; name = "Default-736h.png"; path = "Cliplay/Resources/splash/Default-736h.png"; sourceTree = SOURCE_ROOT; };
		7605C49E1C5BB3EB004E488A /* Default-Landscape-736h.png */ = {isa = PBXFileReference; lastKnownFileType = image.png; name = "Default-Landscape-736h.png"; path = "Cliplay/Resources/splash/Default-Landscape-736h.png"; sourceTree = SOURCE_ROOT; };
		7605C49F1C5BB3EB004E488A /* Default-Landscape@2x~ipad.png */ = {isa = PBXFileReference; lastKnownFileType = image.png; name = "Default-Landscape@2x~ipad.png"; path = "Cliplay/Resources/splash/Default-Landscape@2x~ipad.png"; sourceTree = SOURCE_ROOT; };
		7605C4A01C5BB3EB004E488A /* Default-Landscape~ipad.png */ = {isa = PBXFileReference; lastKnownFileType = image.png; name = "Default-Landscape~ipad.png"; path = "Cliplay/Resources/splash/Default-Landscape~ipad.png"; sourceTree = SOURCE_ROOT; };
		7605C4A11C5BB3EB004E488A /* Default-Portrait@2x~ipad.png */ = {isa = PBXFileReference; lastKnownFileType = image.png; name = "Default-Portrait@2x~ipad.png"; path = "Cliplay/Resources/splash/Default-Portrait@2x~ipad.png"; sourceTree = SOURCE_ROOT; };
		7605C4A31C5BB3EB004E488A /* Default-Portrait~ipad.png */ = {isa = PBXFileReference; lastKnownFileType = image.png; name = "Default-Portrait~ipad.png"; path = "Cliplay/Resources/splash/Default-Portrait~ipad.png"; sourceTree = SOURCE_ROOT; };
		7605C4A51C5BB3EB004E488A /* Default@2x~iphone.png */ = {isa = PBXFileReference; lastKnownFileType = image.png; name = "Default@2x~iphone.png"; path = "Cliplay/Resources/splash/Default@2x~iphone.png"; sourceTree = SOURCE_ROOT; };
		7605C4A71C5BB3EB004E488A /* Default~iphone.png */ = {isa = PBXFileReference; lastKnownFileType = image.png; name = "Default~iphone.png"; path = "Cliplay/Resources/splash/Default~iphone.png"; sourceTree = SOURCE_ROOT; };
		7605C4C01C5BB4A4004E488A /* SQLitePlugin.h */ = {isa = PBXFileReference; fileEncoding = 4; lastKnownFileType = sourcecode.c.h; name = SQLitePlugin.h; path = Cliplay/Plugins/com.phonegap.plugins.sqlite/SQLitePlugin.h; sourceTree = SOURCE_ROOT; };
		7605C4C11C5BB4A4004E488A /* SQLitePlugin.m */ = {isa = PBXFileReference; fileEncoding = 4; lastKnownFileType = sourcecode.c.objc; name = SQLitePlugin.m; path = Cliplay/Plugins/com.phonegap.plugins.sqlite/SQLitePlugin.m; sourceTree = SOURCE_ROOT; };
		7605C4C31C5BB4B3004E488A /* CDVLogger.h */ = {isa = PBXFileReference; fileEncoding = 4; lastKnownFileType = sourcecode.c.h; name = CDVLogger.h; path = "Cliplay/Plugins/cordova-plugin-console/CDVLogger.h"; sourceTree = SOURCE_ROOT; };
		7605C4C41C5BB4B3004E488A /* CDVLogger.m */ = {isa = PBXFileReference; fileEncoding = 4; lastKnownFileType = sourcecode.c.objc; name = CDVLogger.m; path = "Cliplay/Plugins/cordova-plugin-console/CDVLogger.m"; sourceTree = SOURCE_ROOT; };
		7605C4C61C5BB4C1004E488A /* CDVDevice.h */ = {isa = PBXFileReference; fileEncoding = 4; lastKnownFileType = sourcecode.c.h; name = CDVDevice.h; path = "Cliplay/Plugins/cordova-plugin-device/CDVDevice.h"; sourceTree = SOURCE_ROOT; };
		7605C4C71C5BB4C1004E488A /* CDVDevice.m */ = {isa = PBXFileReference; fileEncoding = 4; lastKnownFileType = sourcecode.c.objc; name = CDVDevice.m; path = "Cliplay/Plugins/cordova-plugin-device/CDVDevice.m"; sourceTree = SOURCE_ROOT; };
		7605C4C91C5BB4D5004E488A /* CDVAssetLibraryFilesystem.h */ = {isa = PBXFileReference; fileEncoding = 4; lastKnownFileType = sourcecode.c.h; name = CDVAssetLibraryFilesystem.h; path = "Cliplay/Plugins/cordova-plugin-file/CDVAssetLibraryFilesystem.h"; sourceTree = SOURCE_ROOT; };
		7605C4CA1C5BB4D5004E488A /* CDVAssetLibraryFilesystem.m */ = {isa = PBXFileReference; fileEncoding = 4; lastKnownFileType = sourcecode.c.objc; name = CDVAssetLibraryFilesystem.m; path = "Cliplay/Plugins/cordova-plugin-file/CDVAssetLibraryFilesystem.m"; sourceTree = SOURCE_ROOT; };
		7605C4CB1C5BB4D5004E488A /* CDVFile.h */ = {isa = PBXFileReference; fileEncoding = 4; lastKnownFileType = sourcecode.c.h; name = CDVFile.h; path = "Cliplay/Plugins/cordova-plugin-file/CDVFile.h"; sourceTree = SOURCE_ROOT; };
		7605C4CC1C5BB4D5004E488A /* CDVFile.m */ = {isa = PBXFileReference; fileEncoding = 4; lastKnownFileType = sourcecode.c.objc; name = CDVFile.m; path = "Cliplay/Plugins/cordova-plugin-file/CDVFile.m"; sourceTree = SOURCE_ROOT; };
		7605C4CD1C5BB4D5004E488A /* CDVLocalFilesystem.h */ = {isa = PBXFileReference; fileEncoding = 4; lastKnownFileType = sourcecode.c.h; name = CDVLocalFilesystem.h; path = "Cliplay/Plugins/cordova-plugin-file/CDVLocalFilesystem.h"; sourceTree = SOURCE_ROOT; };
		7605C4CE1C5BB4D5004E488A /* CDVLocalFilesystem.m */ = {isa = PBXFileReference; fileEncoding = 4; lastKnownFileType = sourcecode.c.objc; name = CDVLocalFilesystem.m; path = "Cliplay/Plugins/cordova-plugin-file/CDVLocalFilesystem.m"; sourceTree = SOURCE_ROOT; };
		7605C4D21C5BB4E3004E488A /* CDVFileTransfer.h */ = {isa = PBXFileReference; fileEncoding = 4; lastKnownFileType = sourcecode.c.h; name = CDVFileTransfer.h; path = "Cliplay/Plugins/cordova-plugin-file-transfer/CDVFileTransfer.h"; sourceTree = SOURCE_ROOT; };
		7605C4D31C5BB4E3004E488A /* CDVFileTransfer.m */ = {isa = PBXFileReference; fileEncoding = 4; lastKnownFileType = sourcecode.c.objc; name = CDVFileTransfer.m; path = "Cliplay/Plugins/cordova-plugin-file-transfer/CDVFileTransfer.m"; sourceTree = SOURCE_ROOT; };
		7605C4D51C5BB4F4004E488A /* YoikScreenOrientation.h */ = {isa = PBXFileReference; fileEncoding = 4; lastKnownFileType = sourcecode.c.h; name = YoikScreenOrientation.h; path = "Cliplay/Plugins/cordova-plugin-screen-orientation/YoikScreenOrientation.h"; sourceTree = SOURCE_ROOT; };
		7605C4D61C5BB4F4004E488A /* YoikScreenOrientation.m */ = {isa = PBXFileReference; fileEncoding = 4; lastKnownFileType = sourcecode.c.objc; name = YoikScreenOrientation.m; path = "Cliplay/Plugins/cordova-plugin-screen-orientation/YoikScreenOrientation.m"; sourceTree = SOURCE_ROOT; };
		7605C4D81C5BB505004E488A /* CDVSplashScreen.h */ = {isa = PBXFileReference; fileEncoding = 4; lastKnownFileType = sourcecode.c.h; name = CDVSplashScreen.h; path = "Cliplay/Plugins/cordova-plugin-splashscreen/CDVSplashScreen.h"; sourceTree = SOURCE_ROOT; };
		7605C4D91C5BB505004E488A /* CDVSplashScreen.m */ = {isa = PBXFileReference; fileEncoding = 4; lastKnownFileType = sourcecode.c.objc; name = CDVSplashScreen.m; path = "Cliplay/Plugins/cordova-plugin-splashscreen/CDVSplashScreen.m"; sourceTree = SOURCE_ROOT; };
		7605C4DA1C5BB505004E488A /* CDVViewController+SplashScreen.h */ = {isa = PBXFileReference; fileEncoding = 4; lastKnownFileType = sourcecode.c.h; name = "CDVViewController+SplashScreen.h"; path = "Cliplay/Plugins/cordova-plugin-splashscreen/CDVViewController+SplashScreen.h"; sourceTree = SOURCE_ROOT; };
		7605C4DB1C5BB505004E488A /* CDVViewController+SplashScreen.m */ = {isa = PBXFileReference; fileEncoding = 4; lastKnownFileType = sourcecode.c.objc; name = "CDVViewController+SplashScreen.m"; path = "Cliplay/Plugins/cordova-plugin-splashscreen/CDVViewController+SplashScreen.m"; sourceTree = SOURCE_ROOT; };
		7605C4DE1C5BB514004E488A /* CDVStatusBar.h */ = {isa = PBXFileReference; fileEncoding = 4; lastKnownFileType = sourcecode.c.h; name = CDVStatusBar.h; path = "Cliplay/Plugins/cordova-plugin-statusbar/CDVStatusBar.h"; sourceTree = SOURCE_ROOT; };
		7605C4DF1C5BB514004E488A /* CDVStatusBar.m */ = {isa = PBXFileReference; fileEncoding = 4; lastKnownFileType = sourcecode.c.objc; name = CDVStatusBar.m; path = "Cliplay/Plugins/cordova-plugin-statusbar/CDVStatusBar.m"; sourceTree = SOURCE_ROOT; };
		7605C4E11C5BB524004E488A /* IonicKeyboard.h */ = {isa = PBXFileReference; fileEncoding = 4; lastKnownFileType = sourcecode.c.h; name = IonicKeyboard.h; path = "Cliplay/Plugins/ionic-plugin-keyboard/IonicKeyboard.h"; sourceTree = SOURCE_ROOT; };
		7605C4E21C5BB524004E488A /* IonicKeyboard.m */ = {isa = PBXFileReference; fileEncoding = 4; lastKnownFileType = sourcecode.c.objc; name = IonicKeyboard.m; path = "Cliplay/Plugins/ionic-plugin-keyboard/IonicKeyboard.m"; sourceTree = SOURCE_ROOT; };
		7605C4E31C5BB524004E488A /* UIWebViewExtension.h */ = {isa = PBXFileReference; fileEncoding = 4; lastKnownFileType = sourcecode.c.h; name = UIWebViewExtension.h; path = "Cliplay/Plugins/ionic-plugin-keyboard/UIWebViewExtension.h"; sourceTree = SOURCE_ROOT; };
		7605C4E41C5BB524004E488A /* UIWebViewExtension.m */ = {isa = PBXFileReference; fileEncoding = 4; lastKnownFileType = sourcecode.c.objc; name = UIWebViewExtension.m; path = "Cliplay/Plugins/ionic-plugin-keyboard/UIWebViewExtension.m"; sourceTree = SOURCE_ROOT; };
		7605C4EB1C5BB827004E488A /* Cliplay-Prefix.pch */ = {isa = PBXFileReference; fileEncoding = 4; lastKnownFileType = sourcecode.c.h; name = "Cliplay-Prefix.pch"; path = "Cliplay/Cliplay-Prefix.pch"; sourceTree = SOURCE_ROOT; };
		760699971CAE5DB200B84734 /* ArticleEntity.h */ = {isa = PBXFileReference; lastKnownFileType = sourcecode.c.h; name = ArticleEntity.h; path = Cliplay/Classes/ArticleEntity.h; sourceTree = SOURCE_ROOT; };
		760699981CAE5DE300B84734 /* ArticleEntity.m */ = {isa = PBXFileReference; fileEncoding = 4; lastKnownFileType = sourcecode.c.objc; name = ArticleEntity.m; path = Cliplay/Classes/ArticleEntity.m; sourceTree = SOURCE_ROOT; };
		760CD3061CA61B9C00EC0723 /* info.png */ = {isa = PBXFileReference; lastKnownFileType = image.png; path = info.png; sourceTree = "<group>"; };
		7616739E1C7223E800E05422 /* Cliplay-Info.plist */ = {isa = PBXFileReference; fileEncoding = 4; lastKnownFileType = text.plist.xml; name = "Cliplay-Info.plist"; path = "Cliplay/Cliplay-Info.plist"; sourceTree = SOURCE_ROOT; };
		76332C991CAB787200C3F494 /* ArticleController.h */ = {isa = PBXFileReference; fileEncoding = 4; lastKnownFileType = sourcecode.c.h; name = ArticleController.h; path = Cliplay/Classes/ArticleController.h; sourceTree = SOURCE_ROOT; };
		76332C9A1CAB787200C3F494 /* ArticleController.m */ = {isa = PBXFileReference; fileEncoding = 4; lastKnownFileType = sourcecode.c.objc; name = ArticleController.m; path = Cliplay/Classes/ArticleController.m; sourceTree = SOURCE_ROOT; };
		76332C9D1CACB9C200C3F494 /* TestController.h */ = {isa = PBXFileReference; fileEncoding = 4; lastKnownFileType = sourcecode.c.h; name = TestController.h; path = Cliplay/Classes/TestController.h; sourceTree = SOURCE_ROOT; };
		76332C9E1CACB9C200C3F494 /* TestController.m */ = {isa = PBXFileReference; fileEncoding = 4; lastKnownFileType = sourcecode.c.objc; name = TestController.m; path = Cliplay/Classes/TestController.m; sourceTree = SOURCE_ROOT; };
		763D76241C6838420010C239 /* Images.xcassets */ = {isa = PBXFileReference; lastKnownFileType = folder.assetcatalog; name = Images.xcassets; path = Cliplay/Images.xcassets; sourceTree = SOURCE_ROOT; };
		764355431D0FFB8000807EBF /* DGTeaEncryptor.h */ = {isa = PBXFileReference; fileEncoding = 4; lastKnownFileType = sourcecode.c.h; name = DGTeaEncryptor.h; path = Cliplay/Classes/DGTeaEncryptor.h; sourceTree = "<group>"; };
		764355441D0FFB8000807EBF /* DGTeaEncryptor.m */ = {isa = PBXFileReference; fileEncoding = 4; lastKnownFileType = sourcecode.c.objc; name = DGTeaEncryptor.m; path = Cliplay/Classes/DGTeaEncryptor.m; sourceTree = "<group>"; };
		7647EDD51CCB135700587845 /* BPush.h */ = {isa = PBXFileReference; fileEncoding = 4; lastKnownFileType = sourcecode.c.h; path = BPush.h; sourceTree = "<group>"; };
		7647EDD61CCB135700587845 /* libBPush.a */ = {isa = PBXFileReference; lastKnownFileType = archive.ar; path = libBPush.a; sourceTree = "<group>"; };
		765FD5C71CA57D3F00F31F5D /* tip.png */ = {isa = PBXFileReference; lastKnownFileType = image.png; path = tip.png; sourceTree = "<group>"; };
		767A55891C4755D300992D0F /* libYYWebImage.a */ = {isa = PBXFileReference; lastKnownFileType = archive.ar; name = libYYWebImage.a; path = "Pods/../build/Debug-iphoneos/libYYWebImage.a"; sourceTree = "<group>"; };
		767A558B1C47572A00992D0F /* WebP.framework */ = {isa = PBXFileReference; lastKnownFileType = wrapper.framework; name = WebP.framework; path = Pods/YYWebImage/Vendor/WebP.framework; sourceTree = "<group>"; };
		7684FF641CB6619C0017D23A /* GalleryController.h */ = {isa = PBXFileReference; fileEncoding = 4; lastKnownFileType = sourcecode.c.h; name = GalleryController.h; path = Cliplay/Classes/GalleryController.h; sourceTree = SOURCE_ROOT; };
		7684FF651CB6619C0017D23A /* GalleryController.m */ = {isa = PBXFileReference; fileEncoding = 4; lastKnownFileType = sourcecode.c.objc; name = GalleryController.m; path = Cliplay/Classes/GalleryController.m; sourceTree = SOURCE_ROOT; };
		769BAC861CD37B4900DB235C /* FavoriateMgr.h */ = {isa = PBXFileReference; fileEncoding = 4; lastKnownFileType = sourcecode.c.h; name = FavoriateMgr.h; path = Cliplay/Classes/FavoriateMgr.h; sourceTree = "<group>"; };
		769BAC871CD37B4900DB235C /* FavoriateMgr.m */ = {isa = PBXFileReference; fileEncoding = 4; lastKnownFileType = sourcecode.c.objc; name = FavoriateMgr.m; path = Cliplay/Classes/FavoriateMgr.m; sourceTree = "<group>"; };
		76A58C8B1CA571D400C2F582 /* PostController.m */ = {isa = PBXFileReference; fileEncoding = 4; lastKnownFileType = sourcecode.c.objc; name = PostController.m; path = Cliplay/Classes/PostController.m; sourceTree = SOURCE_ROOT; };
		76A58C8C1CA571D400C2F582 /* PostController.h */ = {isa = PBXFileReference; fileEncoding = 4; lastKnownFileType = sourcecode.c.h; name = PostController.h; path = Cliplay/Classes/PostController.h; sourceTree = SOURCE_ROOT; };
		76A946181C92E82A007542A8 /* DRImagePlaceholderHelper.h */ = {isa = PBXFileReference; fileEncoding = 4; lastKnownFileType = sourcecode.c.h; name = DRImagePlaceholderHelper.h; path = Cliplay/Classes/DRImagePlaceholderHelper.h; sourceTree = "<group>"; };
		76A946191C92E82A007542A8 /* DRImagePlaceholderHelper.m */ = {isa = PBXFileReference; fileEncoding = 4; lastKnownFileType = sourcecode.c.objc; name = DRImagePlaceholderHelper.m; path = Cliplay/Classes/DRImagePlaceholderHelper.m; sourceTree = "<group>"; };
		76AD12571D24F45C0002A133 /* ClipController.h */ = {isa = PBXFileReference; fileEncoding = 4; lastKnownFileType = sourcecode.c.h; name = ClipController.h; path = Cliplay/Classes/ClipController.h; sourceTree = SOURCE_ROOT; };
		76AD12581D24F45C0002A133 /* ClipController.m */ = {isa = PBXFileReference; fileEncoding = 4; lastKnownFileType = sourcecode.c.objc; name = ClipController.m; path = Cliplay/Classes/ClipController.m; sourceTree = SOURCE_ROOT; };
		76C715581CA01C3B00D278AE /* PlayController.h */ = {isa = PBXFileReference; fileEncoding = 4; lastKnownFileType = sourcecode.c.h; name = PlayController.h; path = Cliplay/Classes/PlayController.h; sourceTree = SOURCE_ROOT; };
		76C715591CA01C3B00D278AE /* PlayController.m */ = {isa = PBXFileReference; fileEncoding = 4; lastKnownFileType = sourcecode.c.objc; name = PlayController.m; path = Cliplay/Classes/PlayController.m; sourceTree = SOURCE_ROOT; };
		76D9C7DD1C5F832A005C93E7 /* zh-Hans */ = {isa = PBXFileReference; lastKnownFileType = text.plist.strings; name = "zh-Hans"; path = "zh-Hans.lproj/InfoPlist.strings"; sourceTree = "<group>"; };
		76D9E94D1C7447AB004BB117 /* LongPressFix.h */ = {isa = PBXFileReference; fileEncoding = 4; lastKnownFileType = sourcecode.c.h; name = LongPressFix.h; path = "Cliplay/Plugins/cordova-plugin-ios-longpress-fix/LongPressFix.h"; sourceTree = SOURCE_ROOT; };
		76D9E94E1C7447AB004BB117 /* LongPressFix.m */ = {isa = PBXFileReference; fileEncoding = 4; lastKnownFileType = sourcecode.c.objc; name = LongPressFix.m; path = "Cliplay/Plugins/cordova-plugin-ios-longpress-fix/LongPressFix.m"; sourceTree = SOURCE_ROOT; };
		76E424BE1C7AB30A00FA5962 /* ionic.min.css */ = {isa = PBXFileReference; fileEncoding = 4; lastKnownFileType = text.css; path = ionic.min.css; sourceTree = "<group>"; };
		76E61D8F1C79F28900CCC767 /* CDVConnection.h */ = {isa = PBXFileReference; fileEncoding = 4; lastKnownFileType = sourcecode.c.h; name = CDVConnection.h; path = "Cliplay/Plugins/cordova-plugin-network-information/CDVConnection.h"; sourceTree = SOURCE_ROOT; };
		76E61D901C79F28900CCC767 /* CDVConnection.m */ = {isa = PBXFileReference; fileEncoding = 4; lastKnownFileType = sourcecode.c.objc; name = CDVConnection.m; path = "Cliplay/Plugins/cordova-plugin-network-information/CDVConnection.m"; sourceTree = SOURCE_ROOT; };
		76E61D911C79F28900CCC767 /* CDVReachability.h */ = {isa = PBXFileReference; fileEncoding = 4; lastKnownFileType = sourcecode.c.h; name = CDVReachability.h; path = "Cliplay/Plugins/cordova-plugin-network-information/CDVReachability.h"; sourceTree = SOURCE_ROOT; };
		76E61D921C79F28900CCC767 /* CDVReachability.m */ = {isa = PBXFileReference; fileEncoding = 4; lastKnownFileType = sourcecode.c.objc; name = CDVReachability.m; path = "Cliplay/Plugins/cordova-plugin-network-information/CDVReachability.m"; sourceTree = SOURCE_ROOT; };
		76E92BFF1CB8DFE000F424AF /* Reachability.h */ = {isa = PBXFileReference; fileEncoding = 4; lastKnownFileType = sourcecode.c.h; name = Reachability.h; path = Cliplay/Classes/Reachability.h; sourceTree = "<group>"; };
		76E92C001CB8DFE000F424AF /* Reachability.m */ = {isa = PBXFileReference; fileEncoding = 4; lastKnownFileType = sourcecode.c.objc; name = Reachability.m; path = Cliplay/Classes/Reachability.m; sourceTree = "<group>"; };
		76ECFB8E1C9AC8EA00FCABCF /* YYImageExample.h */ = {isa = PBXFileReference; fileEncoding = 4; lastKnownFileType = sourcecode.c.h; name = YYImageExample.h; path = Cliplay/Classes/YYImageExample.h; sourceTree = "<group>"; };
		76ECFB8F1C9AC8EA00FCABCF /* YYImageExample.m */ = {isa = PBXFileReference; fileEncoding = 4; lastKnownFileType = sourcecode.c.objc; name = YYImageExample.m; path = Cliplay/Classes/YYImageExample.m; sourceTree = "<group>"; };
		76FAF3B21CCC6A5800D45E74 /* sound.m4r */ = {isa = PBXFileReference; lastKnownFileType = file; path = sound.m4r; sourceTree = "<group>"; };
		8501F447D22045F9A0CBEDDA /* WebKit.framework */ = {isa = PBXFileReference; fileEncoding = 4; lastKnownFileType = wrapper.framework; name = WebKit.framework; path = System/Library/Frameworks/WebKit.framework; sourceTree = SDKROOT; };
		ADAE07AC79223E2D5854CF72 /* Pods-Cliplay.release.xcconfig */ = {isa = PBXFileReference; includeInIndex = 1; lastKnownFileType = text.xcconfig; name = "Pods-Cliplay.release.xcconfig"; path = "Pods/Target Support Files/Pods-Cliplay/Pods-Cliplay.release.xcconfig"; sourceTree = "<group>"; };
		AF8B680D991549EB8F229D9F /* SystemConfiguration.framework */ = {isa = PBXFileReference; fileEncoding = 4; lastKnownFileType = wrapper.framework; name = SystemConfiguration.framework; path = System/Library/Frameworks/SystemConfiguration.framework; sourceTree = SDKROOT; };
		BEE963697825F94EE8CF560A /* Pods-Cliplay.debug.xcconfig */ = {isa = PBXFileReference; includeInIndex = 1; lastKnownFileType = text.xcconfig; name = "Pods-Cliplay.debug.xcconfig"; path = "Pods/Target Support Files/Pods-Cliplay/Pods-Cliplay.debug.xcconfig"; sourceTree = "<group>"; };
/* End PBXFileReference section */

/* Begin PBXFrameworksBuildPhase section */
		1D60588F0D05DD3D006BFB54 /* Frameworks */ = {
			isa = PBXFrameworksBuildPhase;
			buildActionMask = 2147483647;
			files = (
				767A558C1C47572A00992D0F /* WebP.framework in Frameworks */,
				767A558A1C4755D300992D0F /* libYYWebImage.a in Frameworks */,
				5B1594DD16A7569C00FEF299 /* AssetsLibrary.framework in Frameworks */,
				301BF552109A68D80062928A /* libCordova.a in Frameworks */,
				288765FD0DF74451002DB57D /* CoreGraphics.framework in Frameworks */,
				305D5FD1115AB8F900A74A75 /* MobileCoreServices.framework in Frameworks */,
				07C6416114DD4570B79B324C /* libz.dylib in Frameworks */,
				DEC778DF21844F12AE57DF29 /* CFNetwork.framework in Frameworks */,
				8A88FA600567418E9CC06334 /* SystemConfiguration.framework in Frameworks */,
				9E300325C4F74EB7AE3CB472 /* WebKit.framework in Frameworks */,
				4A92D5B643054CE68555235F /* libsqlite3.dylib in Frameworks */,
				7647EDD81CCB135700587845 /* libBPush.a in Frameworks */,
				B9EEED15F5F47E71E3E9FFA7 /* libPods-Cliplay.a in Frameworks */,
			);
			runOnlyForDeploymentPostprocessing = 0;
		};
/* End PBXFrameworksBuildPhase section */

/* Begin PBXGroup section */
		080E96DDFE201D6D7F000001 /* Classes */ = {
			isa = PBXGroup;
			children = (
				76AD12571D24F45C0002A133 /* ClipController.h */,
				76AD12581D24F45C0002A133 /* ClipController.m */,
				7684FF641CB6619C0017D23A /* GalleryController.h */,
				7684FF651CB6619C0017D23A /* GalleryController.m */,
				76332C9D1CACB9C200C3F494 /* TestController.h */,
				76332C9E1CACB9C200C3F494 /* TestController.m */,
				76332C991CAB787200C3F494 /* ArticleController.h */,
				76332C9A1CAB787200C3F494 /* ArticleController.m */,
				76A58C8B1CA571D400C2F582 /* PostController.m */,
				76A58C8C1CA571D400C2F582 /* PostController.h */,
				76C715581CA01C3B00D278AE /* PlayController.h */,
				76C715591CA01C3B00D278AE /* PlayController.m */,
				7605C40F1C5BB2D7004E488A /* AppDelegate.h */,
				7605C4101C5BB2D7004E488A /* AppDelegate.m */,
				7605C4111C5BB2D7004E488A /* ClipPlayController.h */,
				7605C4121C5BB2D7004E488A /* ClipPlayController.m */,
				7605C4131C5BB2D7004E488A /* Main.storyboard */,
				7605C4141C5BB2D7004E488A /* MainViewController.h */,
				7605C4151C5BB2D7004E488A /* MainViewController.m */,
				7605C4161C5BB2D7004E488A /* MainViewController.xib */,
				7605C4171C5BB2D7004E488A /* MyHybridPlugin.h */,
				7605C4181C5BB2D7004E488A /* MyHybridPlugin.m */,
				7605C4191C5BB2D7004E488A /* RootViewController.h */,
				7605C41A1C5BB2D7004E488A /* RootViewController.m */,
				760699971CAE5DB200B84734 /* ArticleEntity.h */,
				760699981CAE5DE300B84734 /* ArticleEntity.m */,
			);
			name = Classes;
			path = HybridIOSApp/Classes;
			sourceTree = SOURCE_ROOT;
		};
		19C28FACFE9D520D11CA2CBB /* Products */ = {
			isa = PBXGroup;
			children = (
				1D6058910D05DD3D006BFB54 /* Cliplay.app */,
			);
			name = Products;
			sourceTree = "<group>";
		};
		29B97314FDCFA39411CA2CEA /* CustomTemplate */ = {
			isa = PBXGroup;
			children = (
				7605C40D1C5BB291004E488A /* config.xml */,
				763B6CB61C4752D800752B77 /* Supporting Files */,
				301BF56E109A69640062928A /* www */,
				301BF52D109A57CC0062928A /* CordovaLib.xcodeproj */,
				29B97315FDCFA39411CA2CEA /* Other Sources */,
				080E96DDFE201D6D7F000001 /* Classes */,
				307C750510C5A3420062BCA9 /* Plugins */,
				29B97317FDCFA39411CA2CEA /* Resources */,
				29B97323FDCFA39411CA2CEA /* Frameworks */,
				19C28FACFE9D520D11CA2CBB /* Products */,
				2B72AE90927FBDEBBC8B774E /* Pods */,
			);
			name = CustomTemplate;
			sourceTree = "<group>";
		};
		29B97315FDCFA39411CA2CEA /* Other Sources */ = {
			isa = PBXGroup;
			children = (
				7605C4EB1C5BB827004E488A /* Cliplay-Prefix.pch */,
				7605C4641C5BB37E004E488A /* main.m */,
			);
			name = "Other Sources";
			path = HybridIOSApp;
			sourceTree = "<group>";
		};
		29B97317FDCFA39411CA2CEA /* Resources */ = {
			isa = PBXGroup;
			children = (
				760CD3061CA61B9C00EC0723 /* info.png */,
				765FD5C71CA57D3F00F31F5D /* tip.png */,
				76E424BE1C7AB30A00FA5962 /* ionic.min.css */,
				7616739E1C7223E800E05422 /* Cliplay-Info.plist */,
				763D76241C6838420010C239 /* Images.xcassets */,
				7605C4671C5BB3B0004E488A /* heart@2x.png */,
				308D052D1370CCF300D202BF /* icons */,
				308D05311370CCF300D202BF /* splash */,
				76D9C7DE1C5F832A005C93E7 /* InfoPlist.strings */,
			);
			name = Resources;
			path = Cliplay/Resources;
			sourceTree = "<group>";
		};
		29B97323FDCFA39411CA2CEA /* Frameworks */ = {
			isa = PBXGroup;
			children = (
				767A558B1C47572A00992D0F /* WebP.framework */,
				767A55891C4755D300992D0F /* libYYWebImage.a */,
				5B1594DC16A7569C00FEF299 /* AssetsLibrary.framework */,
				288765FC0DF74451002DB57D /* CoreGraphics.framework */,
				305D5FD0115AB8F900A74A75 /* MobileCoreServices.framework */,
				203C0DDF2C9444DB809533D9 /* libz.dylib */,
				56BA64B0A744494A917711E6 /* CFNetwork.framework */,
				AF8B680D991549EB8F229D9F /* SystemConfiguration.framework */,
				8501F447D22045F9A0CBEDDA /* WebKit.framework */,
				5ECC078829004BD0A338F3B2 /* libsqlite3.dylib */,
				2DAC936691E38912C30D8B14 /* libPods-Cliplay.a */,
			);
			name = Frameworks;
			sourceTree = "<group>";
		};
		2B72AE90927FBDEBBC8B774E /* Pods */ = {
			isa = PBXGroup;
			children = (
				BEE963697825F94EE8CF560A /* Pods-Cliplay.debug.xcconfig */,
				ADAE07AC79223E2D5854CF72 /* Pods-Cliplay.release.xcconfig */,
			);
			name = Pods;
			sourceTree = "<group>";
		};
		301BF52E109A57CC0062928A /* Products */ = {
			isa = PBXGroup;
			children = (
				301BF535109A57CC0062928A /* libCordova.a */,
			);
			name = Products;
			sourceTree = "<group>";
		};
		307C750510C5A3420062BCA9 /* Plugins */ = {
			isa = PBXGroup;
			children = (
				76E61D8F1C79F28900CCC767 /* CDVConnection.h */,
				76E61D901C79F28900CCC767 /* CDVConnection.m */,
				76E61D911C79F28900CCC767 /* CDVReachability.h */,
				76E61D921C79F28900CCC767 /* CDVReachability.m */,
				76D9E94D1C7447AB004BB117 /* LongPressFix.h */,
				76D9E94E1C7447AB004BB117 /* LongPressFix.m */,
				7605C4E11C5BB524004E488A /* IonicKeyboard.h */,
				7605C4E21C5BB524004E488A /* IonicKeyboard.m */,
				7605C4E31C5BB524004E488A /* UIWebViewExtension.h */,
				7605C4E41C5BB524004E488A /* UIWebViewExtension.m */,
				7605C4DE1C5BB514004E488A /* CDVStatusBar.h */,
				7605C4DF1C5BB514004E488A /* CDVStatusBar.m */,
				7605C4D81C5BB505004E488A /* CDVSplashScreen.h */,
				7605C4D91C5BB505004E488A /* CDVSplashScreen.m */,
				7605C4DA1C5BB505004E488A /* CDVViewController+SplashScreen.h */,
				7605C4DB1C5BB505004E488A /* CDVViewController+SplashScreen.m */,
				7605C4D51C5BB4F4004E488A /* YoikScreenOrientation.h */,
				7605C4D61C5BB4F4004E488A /* YoikScreenOrientation.m */,
				7605C4D21C5BB4E3004E488A /* CDVFileTransfer.h */,
				7605C4D31C5BB4E3004E488A /* CDVFileTransfer.m */,
				7605C4C91C5BB4D5004E488A /* CDVAssetLibraryFilesystem.h */,
				7605C4CA1C5BB4D5004E488A /* CDVAssetLibraryFilesystem.m */,
				7605C4CB1C5BB4D5004E488A /* CDVFile.h */,
				7605C4CC1C5BB4D5004E488A /* CDVFile.m */,
				7605C4CD1C5BB4D5004E488A /* CDVLocalFilesystem.h */,
				7605C4CE1C5BB4D5004E488A /* CDVLocalFilesystem.m */,
				7605C4C61C5BB4C1004E488A /* CDVDevice.h */,
				7605C4C71C5BB4C1004E488A /* CDVDevice.m */,
				7605C4C31C5BB4B3004E488A /* CDVLogger.h */,
				7605C4C41C5BB4B3004E488A /* CDVLogger.m */,
				7605C4C01C5BB4A4004E488A /* SQLitePlugin.h */,
				7605C4C11C5BB4A4004E488A /* SQLitePlugin.m */,
			);
			name = Plugins;
			path = HybridIOSApp/Plugins;
			sourceTree = SOURCE_ROOT;
		};
		308D052D1370CCF300D202BF /* icons */ = {
			isa = PBXGroup;
			children = (
				7605C46E1C5BB3CC004E488A /* Contents.json */,
				7605C46F1C5BB3CC004E488A /* Icon-40.png */,
				7605C4701C5BB3CC004E488A /* Icon-40@2x.png */,
				7605C4711C5BB3CC004E488A /* Icon-40@3x.png */,
				7605C4721C5BB3CC004E488A /* Icon-50.png */,
				7605C4731C5BB3CC004E488A /* Icon-50@2x.png */,
				7605C4741C5BB3CC004E488A /* Icon-60.png */,
				7605C4751C5BB3CC004E488A /* Icon-60@2x.png */,
				7605C4761C5BB3CC004E488A /* Icon-60@3x.png */,
				7605C4771C5BB3CC004E488A /* Icon-72.png */,
				7605C4781C5BB3CC004E488A /* Icon-72@2x.png */,
				7605C4791C5BB3CC004E488A /* Icon-76.png */,
				7605C47A1C5BB3CC004E488A /* Icon-76@2x.png */,
				7605C47B1C5BB3CC004E488A /* Icon-83.5@2x.png */,
				7605C47C1C5BB3CC004E488A /* Icon-Small.png */,
				7605C47D1C5BB3CC004E488A /* Icon-Small@2x.png */,
				7605C47E1C5BB3CC004E488A /* Icon-Small@3x.png */,
				7605C47F1C5BB3CC004E488A /* Icon.png */,
				7605C4801C5BB3CC004E488A /* Icon@2x.png */,
				7605C4811C5BB3CC004E488A /* iTunesArtwork.png */,
				7605C4821C5BB3CC004E488A /* iTunesArtwork@2x.png */,
			);
			path = icons;
			sourceTree = "<group>";
		};
		308D05311370CCF300D202BF /* splash */ = {
			isa = PBXGroup;
			children = (
				7605C4981C5BB3EB004E488A /* Default-568h@2x~iphone.png */,
				7605C49A1C5BB3EB004E488A /* Default-667h.png */,
				7605C49C1C5BB3EB004E488A /* Default-736h.png */,
				7605C49E1C5BB3EB004E488A /* Default-Landscape-736h.png */,
				7605C49F1C5BB3EB004E488A /* Default-Landscape@2x~ipad.png */,
				7605C4A01C5BB3EB004E488A /* Default-Landscape~ipad.png */,
				7605C4A11C5BB3EB004E488A /* Default-Portrait@2x~ipad.png */,
				7605C4A31C5BB3EB004E488A /* Default-Portrait~ipad.png */,
				7605C4A51C5BB3EB004E488A /* Default@2x~iphone.png */,
				7605C4A71C5BB3EB004E488A /* Default~iphone.png */,
			);
			path = splash;
			sourceTree = "<group>";
		};
		763B6CB61C4752D800752B77 /* Supporting Files */ = {
			isa = PBXGroup;
			children = (
				764355431D0FFB8000807EBF /* DGTeaEncryptor.h */,
				764355441D0FFB8000807EBF /* DGTeaEncryptor.m */,
				769BAC861CD37B4900DB235C /* FavoriateMgr.h */,
				769BAC871CD37B4900DB235C /* FavoriateMgr.m */,
				7647EDD41CCB135700587845 /* normalversion */,
				76E92BFF1CB8DFE000F424AF /* Reachability.h */,
				76E92C001CB8DFE000F424AF /* Reachability.m */,
				76ECFB8E1C9AC8EA00FCABCF /* YYImageExample.h */,
				76ECFB8F1C9AC8EA00FCABCF /* YYImageExample.m */,
				76A946181C92E82A007542A8 /* DRImagePlaceholderHelper.h */,
				76A946191C92E82A007542A8 /* DRImagePlaceholderHelper.m */,
				7605C4221C5BB2F3004E488A /* CALayer+YYAdd.h */,
				7605C4231C5BB2F3004E488A /* CALayer+YYAdd.m */,
				7605C4241C5BB2F3004E488A /* CircleProgressBar.h */,
				7605C4251C5BB2F3004E488A /* CircleProgressBar.m */,
				7605C4261C5BB2F3004E488A /* DOFavoriteButton.h */,
				7605C4271C5BB2F3004E488A /* DOFavoriteButton.m */,
				7605C4281C5BB2F3004E488A /* FRDLivelyButton.h */,
				7605C4291C5BB2F3004E488A /* FRDLivelyButton.m */,
				7605C42A1C5BB2F3004E488A /* LLARingSpinnerView.h */,
				7605C42B1C5BB2F3004E488A /* LLARingSpinnerView.m */,
				7605C42C1C5BB2F3004E488A /* MBCircularProgressBarLayer.h */,
				7605C42D1C5BB2F3004E488A /* MBCircularProgressBarLayer.m */,
				7605C42E1C5BB2F3004E488A /* MBCircularProgressBarView.h */,
				7605C42F1C5BB2F3004E488A /* MBCircularProgressBarView.m */,
				7605C4301C5BB2F3004E488A /* MessageDigest.h */,
				7605C4311C5BB2F3004E488A /* MessageDigest.m */,
				7605C4321C5BB2F3004E488A /* MyTableViewController.h */,
				7605C4331C5BB2F3004E488A /* MyTableViewController.m */,
				7605C4341C5BB2F3004E488A /* SHA1.h */,
				7605C4351C5BB2F3004E488A /* SHA1.m */,
				7605C4361C5BB2F3004E488A /* UIControl+YYAdd.h */,
				7605C4371C5BB2F3004E488A /* UIControl+YYAdd.m */,
				7605C4381C5BB2F3004E488A /* UIGestureRecognizer+YYAdd.h */,
				7605C4391C5BB2F3004E488A /* UIGestureRecognizer+YYAdd.m */,
				7605C43A1C5BB2F3004E488A /* UIView+YYAdd.h */,
				7605C43B1C5BB2F3004E488A /* UIView+YYAdd.m */,
				7605C43C1C5BB2F3004E488A /* YYImageExampleHelper.h */,
				7605C43D1C5BB2F3004E488A /* YYImageExampleHelper.m */,
			);
			name = "Supporting Files";
			sourceTree = "<group>";
		};
		7647EDD41CCB135700587845 /* normalversion */ = {
			isa = PBXGroup;
			children = (
				76FAF3B21CCC6A5800D45E74 /* sound.m4r */,
				7647EDD51CCB135700587845 /* BPush.h */,
				7647EDD61CCB135700587845 /* libBPush.a */,
			);
			path = normalversion;
			sourceTree = "<group>";
		};
/* End PBXGroup section */

/* Begin PBXNativeTarget section */
		1D6058900D05DD3D006BFB54 /* Cliplay */ = {
			isa = PBXNativeTarget;
			buildConfigurationList = 1D6058960D05DD3E006BFB54 /* Build configuration list for PBXNativeTarget "Cliplay" */;
			buildPhases = (
				FDDC93B371F5B2500C5DEBCC /* Check Pods Manifest.lock */,
				304B58A110DAC018002A0835 /* Copy www directory */,
				1D60588D0D05DD3D006BFB54 /* Resources */,
				1D60588E0D05DD3D006BFB54 /* Sources */,
				1D60588F0D05DD3D006BFB54 /* Frameworks */,
				87680BD2C96A375F79E5C2A9 /* Embed Pods Frameworks */,
				77E0053AD46DAEB5ED521580 /* Copy Pods Resources */,
			);
			buildRules = (
			);
			dependencies = (
				301BF551109A68C00062928A /* PBXTargetDependency */,
			);
			name = Cliplay;
			productName = HybridIOSApp;
			productReference = 1D6058910D05DD3D006BFB54 /* Cliplay.app */;
			productType = "com.apple.product-type.application";
		};
/* End PBXNativeTarget section */

/* Begin PBXProject section */
		29B97313FDCFA39411CA2CEA /* Project object */ = {
			isa = PBXProject;
			attributes = {
				LastUpgradeCheck = 710;
				TargetAttributes = {
					1D6058900D05DD3D006BFB54 = {
						DevelopmentTeam = NFXT343F5P;
						SystemCapabilities = {
							com.apple.BackgroundModes = {
								enabled = 0;
							};
							com.apple.Push = {
								enabled = 1;
							};
						};
					};
				};
			};
			buildConfigurationList = C01FCF4E08A954540054247B /* Build configuration list for PBXProject "Cliplay" */;
			compatibilityVersion = "Xcode 3.2";
			developmentRegion = English;
			hasScannedForEncodings = 1;
			knownRegions = (
				English,
				Japanese,
				French,
				German,
				en,
				es,
				de,
				se,
				"zh-Hans",
				ja,
			);
			mainGroup = 29B97314FDCFA39411CA2CEA /* CustomTemplate */;
			projectDirPath = "";
			projectReferences = (
				{
					ProductGroup = 301BF52E109A57CC0062928A /* Products */;
					ProjectRef = 301BF52D109A57CC0062928A /* CordovaLib.xcodeproj */;
				},
			);
			projectRoot = "";
			targets = (
				1D6058900D05DD3D006BFB54 /* Cliplay */,
			);
		};
/* End PBXProject section */

/* Begin PBXReferenceProxy section */
		301BF535109A57CC0062928A /* libCordova.a */ = {
			isa = PBXReferenceProxy;
			fileType = archive.ar;
			path = libCordova.a;
			remoteRef = 301BF534109A57CC0062928A /* PBXContainerItemProxy */;
			sourceTree = BUILT_PRODUCTS_DIR;
		};
/* End PBXReferenceProxy section */

/* Begin PBXResourcesBuildPhase section */
		1D60588D0D05DD3D006BFB54 /* Resources */ = {
			isa = PBXResourcesBuildPhase;
			buildActionMask = 2147483647;
			files = (
				7605C4941C5BB3CC004E488A /* Icon.png in Resources */,
				7605C4951C5BB3CC004E488A /* Icon@2x.png in Resources */,
				7605C4B41C5BB3EB004E488A /* Default-Portrait~ipad.png in Resources */,
				7605C4AF1C5BB3EB004E488A /* Default-Landscape-736h.png in Resources */,
				7605C4B11C5BB3EB004E488A /* Default-Landscape~ipad.png in Resources */,
				7605C4871C5BB3CC004E488A /* Icon-50.png in Resources */,
				7605C48D1C5BB3CC004E488A /* Icon-72@2x.png in Resources */,
				76D9C7DC1C5F832A005C93E7 /* InfoPlist.strings in Resources */,
				7605C4961C5BB3CC004E488A /* iTunesArtwork.png in Resources */,
				7605C4B81C5BB3EB004E488A /* Default~iphone.png in Resources */,
				7605C4891C5BB3CC004E488A /* Icon-60.png in Resources */,
				7605C41F1C5BB2D7004E488A /* MainViewController.xib in Resources */,
				7605C4B61C5BB3EB004E488A /* Default@2x~iphone.png in Resources */,
				7616739F1C7223E800E05422 /* Cliplay-Info.plist in Resources */,
				7605C48E1C5BB3CC004E488A /* Icon-76.png in Resources */,
				765FD5C81CA57D3F00F31F5D /* tip.png in Resources */,
				763D76251C6838420010C239 /* Images.xcassets in Resources */,
				7605C40E1C5BB291004E488A /* config.xml in Resources */,
				760CD3071CA61B9C00EC0723 /* info.png in Resources */,
				7605C48B1C5BB3CC004E488A /* Icon-60@3x.png in Resources */,
				7605C4881C5BB3CC004E488A /* Icon-50@2x.png in Resources */,
				7605C48C1C5BB3CC004E488A /* Icon-72.png in Resources */,
				7605C4AD1C5BB3EB004E488A /* Default-736h.png in Resources */,
				7605C4831C5BB3CC004E488A /* Contents.json in Resources */,
				7605C4A91C5BB3EB004E488A /* Default-568h@2x~iphone.png in Resources */,
				7605C4921C5BB3CC004E488A /* Icon-Small@2x.png in Resources */,
				7605C4931C5BB3CC004E488A /* Icon-Small@3x.png in Resources */,
				7605C4851C5BB3CC004E488A /* Icon-40@2x.png in Resources */,
				76FAF3B31CCC6A5800D45E74 /* sound.m4r in Resources */,
				7605C41D1C5BB2D7004E488A /* Main.storyboard in Resources */,
				7605C4911C5BB3CC004E488A /* Icon-Small.png in Resources */,
				7605C4AB1C5BB3EB004E488A /* Default-667h.png in Resources */,
				7605C4901C5BB3CC004E488A /* Icon-83.5@2x.png in Resources */,
				7605C4841C5BB3CC004E488A /* Icon-40.png in Resources */,
				7605C4B21C5BB3EB004E488A /* Default-Portrait@2x~ipad.png in Resources */,
				7605C48A1C5BB3CC004E488A /* Icon-60@2x.png in Resources */,
				7605C4B01C5BB3EB004E488A /* Default-Landscape@2x~ipad.png in Resources */,
				76E424BF1C7AB30B00FA5962 /* ionic.min.css in Resources */,
				7605C48F1C5BB3CC004E488A /* Icon-76@2x.png in Resources */,
				7605C4861C5BB3CC004E488A /* Icon-40@3x.png in Resources */,
				7605C4971C5BB3CC004E488A /* iTunesArtwork@2x.png in Resources */,
				7605C46B1C5BB3B0004E488A /* heart@2x.png in Resources */,
			);
			runOnlyForDeploymentPostprocessing = 0;
		};
/* End PBXResourcesBuildPhase section */

/* Begin PBXShellScriptBuildPhase section */
		304B58A110DAC018002A0835 /* Copy www directory */ = {
			isa = PBXShellScriptBuildPhase;
			buildActionMask = 2147483647;
			files = (
			);
			inputPaths = (
			);
			name = "Copy www directory";
			outputPaths = (
			);
			runOnlyForDeploymentPostprocessing = 0;
			shellPath = /bin/sh;
			shellScript = "cordova/lib/copy-www-build-step.sh";
			showEnvVarsInLog = 0;
		};
		77E0053AD46DAEB5ED521580 /* Copy Pods Resources */ = {
			isa = PBXShellScriptBuildPhase;
			buildActionMask = 2147483647;
			files = (
			);
			inputPaths = (
			);
			name = "Copy Pods Resources";
			outputPaths = (
			);
			runOnlyForDeploymentPostprocessing = 0;
			shellPath = /bin/sh;
			shellScript = "\"${SRCROOT}/Pods/Target Support Files/Pods-Cliplay/Pods-Cliplay-resources.sh\"\n";
			showEnvVarsInLog = 0;
		};
		87680BD2C96A375F79E5C2A9 /* Embed Pods Frameworks */ = {
			isa = PBXShellScriptBuildPhase;
			buildActionMask = 2147483647;
			files = (
			);
			inputPaths = (
			);
			name = "Embed Pods Frameworks";
			outputPaths = (
			);
			runOnlyForDeploymentPostprocessing = 0;
			shellPath = /bin/sh;
			shellScript = "\"${SRCROOT}/Pods/Target Support Files/Pods-Cliplay/Pods-Cliplay-frameworks.sh\"\n";
			showEnvVarsInLog = 0;
		};
		FDDC93B371F5B2500C5DEBCC /* Check Pods Manifest.lock */ = {
			isa = PBXShellScriptBuildPhase;
			buildActionMask = 2147483647;
			files = (
			);
			inputPaths = (
			);
			name = "Check Pods Manifest.lock";
			outputPaths = (
			);
			runOnlyForDeploymentPostprocessing = 0;
			shellPath = /bin/sh;
			shellScript = "diff \"${PODS_ROOT}/../Podfile.lock\" \"${PODS_ROOT}/Manifest.lock\" > /dev/null\nif [[ $? != 0 ]] ; then\n    cat << EOM\nerror: The sandbox is not in sync with the Podfile.lock. Run 'pod install' or update your CocoaPods installation.\nEOM\n    exit 1\nfi\n";
			showEnvVarsInLog = 0;
		};
/* End PBXShellScriptBuildPhase section */

/* Begin PBXSourcesBuildPhase section */
		1D60588E0D05DD3D006BFB54 /* Sources */ = {
			isa = PBXSourcesBuildPhase;
			buildActionMask = 2147483647;
			files = (
				7605C4431C5BB2F3004E488A /* FRDLivelyButton.m in Sources */,
				76332C9F1CACB9C200C3F494 /* TestController.m in Sources */,
				7605C44B1C5BB2F3004E488A /* UIGestureRecognizer+YYAdd.m in Sources */,
				764355451D0FFB8000807EBF /* DGTeaEncryptor.m in Sources */,
				7605C4CF1C5BB4D5004E488A /* CDVAssetLibraryFilesystem.m in Sources */,
				7605C4441C5BB2F3004E488A /* LLARingSpinnerView.m in Sources */,
				7605C4D71C5BB4F4004E488A /* YoikScreenOrientation.m in Sources */,
				7605C4E61C5BB524004E488A /* UIWebViewExtension.m in Sources */,
				76ECFB901C9AC8EA00FCABCF /* YYImageExample.m in Sources */,
				7605C4471C5BB2F3004E488A /* MessageDigest.m in Sources */,
				7605C4D01C5BB4D5004E488A /* CDVFile.m in Sources */,
				7684FF661CB6619C0017D23A /* GalleryController.m in Sources */,
				7605C4651C5BB37E004E488A /* main.m in Sources */,
				769BAC881CD37B4900DB235C /* FavoriateMgr.m in Sources */,
				7605C4491C5BB2F3004E488A /* SHA1.m in Sources */,
				7605C4421C5BB2F3004E488A /* DOFavoriteButton.m in Sources */,
				76D9E94F1C7447AB004BB117 /* LongPressFix.m in Sources */,
				76E61D941C79F28900CCC767 /* CDVReachability.m in Sources */,
				76332C9B1CAB787200C3F494 /* ArticleController.m in Sources */,
				76A9461A1C92E82A007542A8 /* DRImagePlaceholderHelper.m in Sources */,
				7605C44C1C5BB2F3004E488A /* UIView+YYAdd.m in Sources */,
				7605C4211C5BB2D7004E488A /* RootViewController.m in Sources */,
				7605C4451C5BB2F3004E488A /* MBCircularProgressBarLayer.m in Sources */,
				76AD12591D24F45C0002A133 /* ClipController.m in Sources */,
				7605C4461C5BB2F3004E488A /* MBCircularProgressBarView.m in Sources */,
				7605C4C81C5BB4C1004E488A /* CDVDevice.m in Sources */,
				7605C4481C5BB2F3004E488A /* MyTableViewController.m in Sources */,
				76C7155A1CA01C3B00D278AE /* PlayController.m in Sources */,
				7605C41B1C5BB2D7004E488A /* AppDelegate.m in Sources */,
				76E61D931C79F28900CCC767 /* CDVConnection.m in Sources */,
				7605C44A1C5BB2F3004E488A /* UIControl+YYAdd.m in Sources */,
				7605C41E1C5BB2D7004E488A /* MainViewController.m in Sources */,
				7605C4201C5BB2D7004E488A /* MyHybridPlugin.m in Sources */,
				7605C4C21C5BB4A4004E488A /* SQLitePlugin.m in Sources */,
				7605C4DD1C5BB505004E488A /* CDVViewController+SplashScreen.m in Sources */,
				7605C4D11C5BB4D5004E488A /* CDVLocalFilesystem.m in Sources */,
				7605C4401C5BB2F3004E488A /* CALayer+YYAdd.m in Sources */,
				76E92C011CB8DFE000F424AF /* Reachability.m in Sources */,
				7605C4D41C5BB4E3004E488A /* CDVFileTransfer.m in Sources */,
				7605C4DC1C5BB505004E488A /* CDVSplashScreen.m in Sources */,
				7605C41C1C5BB2D7004E488A /* ClipPlayController.m in Sources */,
				7605C44D1C5BB2F3004E488A /* YYImageExampleHelper.m in Sources */,
				760699991CAE5DE300B84734 /* ArticleEntity.m in Sources */,
				7605C4C51C5BB4B3004E488A /* CDVLogger.m in Sources */,
				7605C4411C5BB2F3004E488A /* CircleProgressBar.m in Sources */,
				76A58C8D1CA571D400C2F582 /* PostController.m in Sources */,
				7605C4E51C5BB524004E488A /* IonicKeyboard.m in Sources */,
				7605C4E01C5BB514004E488A /* CDVStatusBar.m in Sources */,
			);
			runOnlyForDeploymentPostprocessing = 0;
		};
/* End PBXSourcesBuildPhase section */

/* Begin PBXTargetDependency section */
		301BF551109A68C00062928A /* PBXTargetDependency */ = {
			isa = PBXTargetDependency;
			name = CordovaLib;
			targetProxy = 301BF550109A68C00062928A /* PBXContainerItemProxy */;
		};
/* End PBXTargetDependency section */

/* Begin PBXVariantGroup section */
		76D9C7DE1C5F832A005C93E7 /* InfoPlist.strings */ = {
			isa = PBXVariantGroup;
			children = (
				76D9C7DD1C5F832A005C93E7 /* zh-Hans */,
			);
			name = InfoPlist.strings;
			sourceTree = "<group>";
		};
/* End PBXVariantGroup section */

/* Begin XCBuildConfiguration section */
		1D6058940D05DD3E006BFB54 /* Debug */ = {
			isa = XCBuildConfiguration;
			baseConfigurationReference = BEE963697825F94EE8CF560A /* Pods-Cliplay.debug.xcconfig */;
			buildSettings = {
				ALWAYS_SEARCH_USER_PATHS = NO;
				ASSETCATALOG_COMPILER_APPICON_NAME = AppIcon;
				CLANG_ENABLE_MODULES = YES;
				CLANG_ENABLE_OBJC_ARC = YES;
				CODE_SIGN_IDENTITY = "iPhone Developer";
				"CODE_SIGN_IDENTITY[sdk=iphoneos*]" = "iPhone Developer";
				COPY_PHASE_STRIP = NO;
				FRAMEWORK_SEARCH_PATHS = (
					"$(inherited)",
					"$(PROJECT_DIR)/Pods/YYWebImage/Vendor",
				);
				GCC_C_LANGUAGE_STANDARD = gnu99;
				GCC_DYNAMIC_NO_PIC = NO;
				GCC_OPTIMIZATION_LEVEL = 0;
				GCC_PRECOMPILE_PREFIX_HEADER = YES;
				GCC_PREFIX_HEADER = "Cliplay/Cliplay-Prefix.pch";
				GCC_THUMB_SUPPORT = NO;
				GCC_VERSION = "";
				HEADER_SEARCH_PATHS = (
					"$(inherited)",
					"$(CORDOVALIB)/Classes/**",
					"$(OBJROOT)/UninstalledProducts/$(PLATFORM_NAME)/include/**",
				);
				INFOPLIST_FILE = "$(SRCROOT)/Cliplay/Cliplay-Info.plist";
				IPHONEOS_DEPLOYMENT_TARGET = 7.0;
				LIBRARY_SEARCH_PATHS = (
					"$(inherited)",
					"$(PROJECT_DIR)/build/Debug-iphoneos",
					"$(PROJECT_DIR)/normalversion",
				);
				OTHER_LDFLAGS = "$(inherited)";
				PRODUCT_BUNDLE_IDENTIFIER = com.lee.cliplay;
				PRODUCT_NAME = Cliplay;
				PROVISIONING_PROFILE = "";
				"SDKROOT[arch=*]" = iphoneos;
				TARGETED_DEVICE_FAMILY = "1,2";
			};
			name = Debug;
		};
		1D6058950D05DD3E006BFB54 /* Release */ = {
			isa = XCBuildConfiguration;
			baseConfigurationReference = ADAE07AC79223E2D5854CF72 /* Pods-Cliplay.release.xcconfig */;
			buildSettings = {
				ALWAYS_SEARCH_USER_PATHS = NO;
				ASSETCATALOG_COMPILER_APPICON_NAME = AppIcon;
				CLANG_ENABLE_MODULES = YES;
				CLANG_ENABLE_OBJC_ARC = YES;
				CODE_SIGN_IDENTITY = "iPhone Developer";
				"CODE_SIGN_IDENTITY[sdk=iphoneos*]" = "iPhone Developer";
				COPY_PHASE_STRIP = YES;
				FRAMEWORK_SEARCH_PATHS = (
					"$(inherited)",
					"$(PROJECT_DIR)/Pods/YYWebImage/Vendor",
				);
				GCC_C_LANGUAGE_STANDARD = gnu99;
				GCC_PRECOMPILE_PREFIX_HEADER = YES;
				GCC_PREFIX_HEADER = "Cliplay/Cliplay-Prefix.pch";
				GCC_THUMB_SUPPORT = NO;
				GCC_VERSION = "";
				HEADER_SEARCH_PATHS = (
					"$(inherited)",
					"$(CORDOVALIB)/Classes/**",
					"$(OBJROOT)/UninstalledProducts/$(PLATFORM_NAME)/include/**",
					"${PODS_ROOT}/Headers/Public",
					"${PODS_ROOT}/Headers/Public/YYWebImage",
				);
				INFOPLIST_FILE = "$(SRCROOT)/Cliplay/Cliplay-Info.plist";
				IPHONEOS_DEPLOYMENT_TARGET = 7.0;
				LIBRARY_SEARCH_PATHS = (
					"$(inherited)",
					"$(PROJECT_DIR)/build/Debug-iphoneos",
					"$(PROJECT_DIR)/normalversion",
				);
				ONLY_ACTIVE_ARCH = NO;
				OTHER_LDFLAGS = "$(inherited)";
				PRODUCT_BUNDLE_IDENTIFIER = com.lee.cliplay;
				PRODUCT_NAME = Cliplay;
				PROVISIONING_PROFILE = "";
				TARGETED_DEVICE_FAMILY = "1,2";
			};
			name = Release;
		};
		C01FCF4F08A954540054247B /* Debug */ = {
			isa = XCBuildConfiguration;
			buildSettings = {
				CLANG_ENABLE_OBJC_ARC = YES;
				CLANG_WARN_BOOL_CONVERSION = YES;
				CLANG_WARN_CONSTANT_CONVERSION = YES;
				CLANG_WARN_EMPTY_BODY = YES;
				CLANG_WARN_ENUM_CONVERSION = YES;
				CLANG_WARN_INT_CONVERSION = YES;
				CLANG_WARN__DUPLICATE_METHOD_MATCH = YES;
				"CODE_SIGN_IDENTITY[sdk=iphoneos*]" = "iPhone Developer: Lei Xing (3CR3YWJFQ2)";
				ENABLE_TESTABILITY = YES;
				GCC_C_LANGUAGE_STANDARD = c99;
				GCC_THUMB_SUPPORT = NO;
				GCC_VERSION = "";
				GCC_WARN_ABOUT_RETURN_TYPE = YES;
				GCC_WARN_UNDECLARED_SELECTOR = YES;
				GCC_WARN_UNINITIALIZED_AUTOS = YES;
				GCC_WARN_UNUSED_FUNCTION = YES;
				GCC_WARN_UNUSED_VARIABLE = YES;
				HEADER_SEARCH_PATHS = (
					"\"$(TARGET_BUILD_DIR)/usr/local/lib/include\"",
					"\"$(OBJROOT)/UninstalledProducts/include\"",
					"\"$(BUILT_PRODUCTS_DIR)\"",
				);
				IPHONEOS_DEPLOYMENT_TARGET = 7.0;
				ONLY_ACTIVE_ARCH = YES;
				OTHER_LDFLAGS = (
					"-weak_framework",
					CoreFoundation,
					"-weak_framework",
					UIKit,
					"-weak_framework",
					AVFoundation,
					"-weak_framework",
					CoreMedia,
					"-weak-lSystem",
					"-ObjC",
				);
				SDKROOT = iphoneos;
				SKIP_INSTALL = NO;
				USER_HEADER_SEARCH_PATHS = "";
			};
			name = Debug;
		};
		C01FCF5008A954540054247B /* Release */ = {
			isa = XCBuildConfiguration;
			buildSettings = {
				CLANG_ENABLE_OBJC_ARC = YES;
				CLANG_WARN_BOOL_CONVERSION = YES;
				CLANG_WARN_CONSTANT_CONVERSION = YES;
				CLANG_WARN_EMPTY_BODY = YES;
				CLANG_WARN_ENUM_CONVERSION = YES;
				CLANG_WARN_INT_CONVERSION = YES;
				CLANG_WARN__DUPLICATE_METHOD_MATCH = YES;
				CODE_SIGN_IDENTITY = "iPhone Distribution: Lei Xing (NFXT343F5P)";
				"CODE_SIGN_IDENTITY[sdk=iphoneos*]" = "iPhone Distribution: Lei Xing (NFXT343F5P)";
				ENABLE_TESTABILITY = YES;
				GCC_C_LANGUAGE_STANDARD = c99;
				GCC_THUMB_SUPPORT = NO;
				GCC_VERSION = "";
				GCC_WARN_ABOUT_RETURN_TYPE = YES;
				GCC_WARN_UNDECLARED_SELECTOR = YES;
				GCC_WARN_UNINITIALIZED_AUTOS = YES;
				GCC_WARN_UNUSED_FUNCTION = YES;
				GCC_WARN_UNUSED_VARIABLE = YES;
				HEADER_SEARCH_PATHS = (
					"\"$(TARGET_BUILD_DIR)/usr/local/lib/include\"",
					"\"$(OBJROOT)/UninstalledProducts/include\"",
					"\"$(BUILT_PRODUCTS_DIR)\"",
				);
				IPHONEOS_DEPLOYMENT_TARGET = 7.0;
				ONLY_ACTIVE_ARCH = YES;
				OTHER_LDFLAGS = (
					"-weak_framework",
					CoreFoundation,
					"-weak_framework",
					UIKit,
					"-weak_framework",
					AVFoundation,
					"-weak_framework",
					CoreMedia,
					"-weak-lSystem",
					"-ObjC",
				);
				SDKROOT = iphoneos;
				SKIP_INSTALL = NO;
				USER_HEADER_SEARCH_PATHS = "";
			};
			name = Release;
		};
/* End XCBuildConfiguration section */

/* Begin XCConfigurationList section */
		1D6058960D05DD3E006BFB54 /* Build configuration list for PBXNativeTarget "Cliplay" */ = {
			isa = XCConfigurationList;
			buildConfigurations = (
				1D6058940D05DD3E006BFB54 /* Debug */,
				1D6058950D05DD3E006BFB54 /* Release */,
			);
			defaultConfigurationIsVisible = 0;
			defaultConfigurationName = Release;
		};
		C01FCF4E08A954540054247B /* Build configuration list for PBXProject "Cliplay" */ = {
			isa = XCConfigurationList;
			buildConfigurations = (
				C01FCF4F08A954540054247B /* Debug */,
				C01FCF5008A954540054247B /* Release */,
			);
			defaultConfigurationIsVisible = 0;
			defaultConfigurationName = Release;
		};
/* End XCConfigurationList section */
	};
	rootObject = 29B97313FDCFA39411CA2CEA /* Project object */;
}
